// !$*UTF8*$!
{
	archiveVersion = 1;
	classes = {
	};
	objectVersion = 46;
	objects = {

/* Begin PBXBuildFile section */
		EC682B24803D859EC38BEB80 /* libPods-LZHotelControl.a in Frameworks */ = {isa = PBXBuildFile; fileRef = 695E9764E7B9827B378FBF1C /* libPods-LZHotelControl.a */; };
		F004879D1ECAE6060087E3F0 /* Settings.bundle in Resources */ = {isa = PBXBuildFile; fileRef = F004879C1ECAE6060087E3F0 /* Settings.bundle */; };
		F00487A11ECBEDBC0087E3F0 /* InfoPlist.strings in Resources */ = {isa = PBXBuildFile; fileRef = F00487A31ECBEDBC0087E3F0 /* InfoPlist.strings */; };
		F01484261EC9823E008893C4 /* ON.png in Resources */ = {isa = PBXBuildFile; fileRef = F01484251EC9823E008893C4 /* ON.png */; };
		F01484281EC9824C008893C4 /* OFF.png in Resources */ = {isa = PBXBuildFile; fileRef = F01484271EC9824C008893C4 /* OFF.png */; };
		F014842B1EC997E2008893C4 /* EPCore.m in Sources */ = {isa = PBXBuildFile; fileRef = F014842A1EC997E2008893C4 /* EPCore.m */; };
		F095C2111EC3F1C100871874 /* main.m in Sources */ = {isa = PBXBuildFile; fileRef = F095C2101EC3F1C100871874 /* main.m */; };
		F095C2141EC3F1C100871874 /* AppDelegate.m in Sources */ = {isa = PBXBuildFile; fileRef = F095C2131EC3F1C100871874 /* AppDelegate.m */; };
		F095C21C1EC3F1C100871874 /* Assets.xcassets in Resources */ = {isa = PBXBuildFile; fileRef = F095C21B1EC3F1C100871874 /* Assets.xcassets */; };
		F095C21F1EC3F1C100871874 /* LaunchScreen.storyboard in Resources */ = {isa = PBXBuildFile; fileRef = F095C21D1EC3F1C100871874 /* LaunchScreen.storyboard */; };
		F095C4BA1EC3F4AE00871874 /* ADiSu.png in Resources */ = {isa = PBXBuildFile; fileRef = F095C22E1EC3F4AD00871874 /* ADiSu.png */; };
		F095C4BB1EC3F4AE00871874 /* ADiSu2.png in Resources */ = {isa = PBXBuildFile; fileRef = F095C22F1EC3F4AD00871874 /* ADiSu2.png */; };
		F095C4BC1EC3F4AE00871874 /* AGaosu.png in Resources */ = {isa = PBXBuildFile; fileRef = F095C2301EC3F4AD00871874 /* AGaosu.png */; };
		F095C4BD1EC3F4AE00871874 /* AGaosu2.png in Resources */ = {isa = PBXBuildFile; fileRef = F095C2311EC3F4AD00871874 /* AGaosu2.png */; };
		F095C4BE1EC3F4AE00871874 /* aircon_temp.png in Resources */ = {isa = PBXBuildFile; fileRef = F095C2321EC3F4AD00871874 /* aircon_temp.png */; };
		F095C4BF1EC3F4AE00871874 /* ATingZhi.png in Resources */ = {isa = PBXBuildFile; fileRef = F095C2331EC3F4AD00871874 /* ATingZhi.png */; };
		F095C4C01EC3F4AE00871874 /* ATingZhi2.png in Resources */ = {isa = PBXBuildFile; fileRef = F095C2341EC3F4AD00871874 /* ATingZhi2.png */; };
		F095C4C11EC3F4AE00871874 /* ATongfeng.png in Resources */ = {isa = PBXBuildFile; fileRef = F095C2351EC3F4AD00871874 /* ATongfeng.png */; };
		F095C4C21EC3F4AE00871874 /* ATongfeng2.png in Resources */ = {isa = PBXBuildFile; fileRef = F095C2361EC3F4AD00871874 /* ATongfeng2.png */; };
		F095C4C31EC3F4AE00871874 /* AZhileng.png in Resources */ = {isa = PBXBuildFile; fileRef = F095C2371EC3F4AD00871874 /* AZhileng.png */; };
		F095C4C41EC3F4AE00871874 /* AZhileng2.png in Resources */ = {isa = PBXBuildFile; fileRef = F095C2381EC3F4AD00871874 /* AZhileng2.png */; };
		F095C4C51EC3F4AE00871874 /* AZhire.png in Resources */ = {isa = PBXBuildFile; fileRef = F095C2391EC3F4AD00871874 /* AZhire.png */; };
		F095C4C61EC3F4AE00871874 /* AZhire2.png in Resources */ = {isa = PBXBuildFile; fileRef = F095C23A1EC3F4AD00871874 /* AZhire2.png */; };
		F095C4C71EC3F4AE00871874 /* AZhongSu.png in Resources */ = {isa = PBXBuildFile; fileRef = F095C23B1EC3F4AD00871874 /* AZhongSu.png */; };
		F095C4C81EC3F4AE00871874 /* AZhongSu2.png in Resources */ = {isa = PBXBuildFile; fileRef = F095C23C1EC3F4AD00871874 /* AZhongSu2.png */; };
		F095C4C91EC3F4AE00871874 /* AZidong.png in Resources */ = {isa = PBXBuildFile; fileRef = F095C23D1EC3F4AD00871874 /* AZidong.png */; };
		F095C4CA1EC3F4AE00871874 /* AZidong2.png in Resources */ = {isa = PBXBuildFile; fileRef = F095C23E1EC3F4AD00871874 /* AZidong2.png */; };
		F095C4CB1EC3F4AE00871874 /* JiangWen.png in Resources */ = {isa = PBXBuildFile; fileRef = F095C23F1EC3F4AD00871874 /* JiangWen.png */; };
		F095C4CC1EC3F4AE00871874 /* JiangWen2.png in Resources */ = {isa = PBXBuildFile; fileRef = F095C2401EC3F4AD00871874 /* JiangWen2.png */; };
		F095C4CD1EC3F4AE00871874 /* model_code.png in Resources */ = {isa = PBXBuildFile; fileRef = F095C2411EC3F4AD00871874 /* model_code.png */; };
		F095C4CE1EC3F4AE00871874 /* model_hot.png in Resources */ = {isa = PBXBuildFile; fileRef = F095C2421EC3F4AD00871874 /* model_hot.png */; };
		F095C4CF1EC3F4AE00871874 /* model_wind.png in Resources */ = {isa = PBXBuildFile; fileRef = F095C2431EC3F4AD00871874 /* model_wind.png */; };
		F095C4D01EC3F4AE00871874 /* Shengwen.png in Resources */ = {isa = PBXBuildFile; fileRef = F095C2441EC3F4AD00871874 /* Shengwen.png */; };
		F095C4D11EC3F4AE00871874 /* Shengwen2.png in Resources */ = {isa = PBXBuildFile; fileRef = F095C2451EC3F4AD00871874 /* Shengwen2.png */; };
		F095C4D21EC3F4AE00871874 /* wind_speed0.png in Resources */ = {isa = PBXBuildFile; fileRef = F095C2461EC3F4AD00871874 /* wind_speed0.png */; };
		F095C4D31EC3F4AE00871874 /* wind_speed1.png in Resources */ = {isa = PBXBuildFile; fileRef = F095C2471EC3F4AD00871874 /* wind_speed1.png */; };
		F095C4D41EC3F4AE00871874 /* wind_speed2.png in Resources */ = {isa = PBXBuildFile; fileRef = F095C2481EC3F4AD00871874 /* wind_speed2.png */; };
		F095C4D51EC3F4AE00871874 /* wind_speed3.png in Resources */ = {isa = PBXBuildFile; fileRef = F095C2491EC3F4AD00871874 /* wind_speed3.png */; };
		F095C4D61EC3F4AE00871874 /* wind_speed4.png in Resources */ = {isa = PBXBuildFile; fileRef = F095C24A1EC3F4AD00871874 /* wind_speed4.png */; };
		F095C4D71EC3F4AE00871874 /* ZhiLeng 15-16-50-649.png in Resources */ = {isa = PBXBuildFile; fileRef = F095C24B1EC3F4AD00871874 /* ZhiLeng 15-16-50-649.png */; };
		F095C4D81EC3F4AE00871874 /* light.png in Resources */ = {isa = PBXBuildFile; fileRef = F095C24D1EC3F4AD00871874 /* light.png */; };
		F095C4D91EC3F4AE00871874 /* server.png in Resources */ = {isa = PBXBuildFile; fileRef = F095C24E1EC3F4AD00871874 /* server.png */; };
		F095C4DA1EC3F4AE00871874 /* LightClose.png in Resources */ = {isa = PBXBuildFile; fileRef = F095C2501EC3F4AD00871874 /* LightClose.png */; };
		F095C4DB1EC3F4AE00871874 /* LightClose2.png in Resources */ = {isa = PBXBuildFile; fileRef = F095C2511EC3F4AD00871874 /* LightClose2.png */; };
		F095C4DC1EC3F4AE00871874 /* LightOpen.png in Resources */ = {isa = PBXBuildFile; fileRef = F095C2521EC3F4AD00871874 /* LightOpen.png */; };
		F095C4DD1EC3F4AE00871874 /* LightOpen2.png in Resources */ = {isa = PBXBuildFile; fileRef = F095C2531EC3F4AD00871874 /* LightOpen2.png */; };
		F095C4E01EC3F4AE00871874 /* reception.png in Resources */ = {isa = PBXBuildFile; fileRef = F095C2561EC3F4AD00871874 /* reception.png */; };
		F095C4E11EC3F4AE00871874 /* reception2.png in Resources */ = {isa = PBXBuildFile; fileRef = F095C2571EC3F4AD00871874 /* reception2.png */; };
		F095C4E21EC3F4AE00871874 /* romantic.png in Resources */ = {isa = PBXBuildFile; fileRef = F095C2581EC3F4AD00871874 /* romantic.png */; };
		F095C4E31EC3F4AE00871874 /* romantic2.png in Resources */ = {isa = PBXBuildFile; fileRef = F095C2591EC3F4AD00871874 /* romantic2.png */; };
		F095C4E41EC3F4AE00871874 /* Scene1.png in Resources */ = {isa = PBXBuildFile; fileRef = F095C25A1EC3F4AD00871874 /* Scene1.png */; };
		F095C4E51EC3F4AE00871874 /* Scene12.png in Resources */ = {isa = PBXBuildFile; fileRef = F095C25B1EC3F4AD00871874 /* Scene12.png */; };
		F095C4E61EC3F4AE00871874 /* Scene2.png in Resources */ = {isa = PBXBuildFile; fileRef = F095C25C1EC3F4AD00871874 /* Scene2.png */; };
		F095C4E71EC3F4AE00871874 /* Scene22.png in Resources */ = {isa = PBXBuildFile; fileRef = F095C25D1EC3F4AD00871874 /* Scene22.png */; };
		F095C4E81EC3F4AE00871874 /* Scene3.png in Resources */ = {isa = PBXBuildFile; fileRef = F095C25E1EC3F4AD00871874 /* Scene3.png */; };
		F095C4E91EC3F4AE00871874 /* Scene32.png in Resources */ = {isa = PBXBuildFile; fileRef = F095C25F1EC3F4AD00871874 /* Scene32.png */; };
		F095C4EA1EC3F4AE00871874 /* Scene4.png in Resources */ = {isa = PBXBuildFile; fileRef = F095C2601EC3F4AD00871874 /* Scene4.png */; };
		F095C4EB1EC3F4AE00871874 /* Scene42.png in Resources */ = {isa = PBXBuildFile; fileRef = F095C2611EC3F4AD00871874 /* Scene42.png */; };
		F095C4EC1EC3F4AE00871874 /* sleep.png in Resources */ = {isa = PBXBuildFile; fileRef = F095C2621EC3F4AD00871874 /* sleep.png */; };
		F095C4ED1EC3F4AE00871874 /* sleep2.png in Resources */ = {isa = PBXBuildFile; fileRef = F095C2631EC3F4AD00871874 /* sleep2.png */; };
		F095C4EE1EC3F4AE00871874 /* spa.png in Resources */ = {isa = PBXBuildFile; fileRef = F095C2641EC3F4AD00871874 /* spa.png */; };
		F095C4EF1EC3F4AE00871874 /* spa2.png in Resources */ = {isa = PBXBuildFile; fileRef = F095C2651EC3F4AD00871874 /* spa2.png */; };
		F095C4F01EC3F4AE00871874 /* spaClose.png in Resources */ = {isa = PBXBuildFile; fileRef = F095C2661EC3F4AD00871874 /* spaClose.png */; };
		F095C4F11EC3F4AE00871874 /* spaClose2.png in Resources */ = {isa = PBXBuildFile; fileRef = F095C2671EC3F4AD00871874 /* spaClose2.png */; };
		F095C4F21EC3F4AE00871874 /* spaOpen.png in Resources */ = {isa = PBXBuildFile; fileRef = F095C2681EC3F4AD00871874 /* spaOpen.png */; };
		F095C4F31EC3F4AE00871874 /* spaOpen2.png in Resources */ = {isa = PBXBuildFile; fileRef = F095C2691EC3F4AD00871874 /* spaOpen2.png */; };
		F095C4F41EC3F4AE00871874 /* tv+.png in Resources */ = {isa = PBXBuildFile; fileRef = F095C26A1EC3F4AD00871874 /* tv+.png */; };
		F095C4F51EC3F4AE00871874 /* tv+2.png in Resources */ = {isa = PBXBuildFile; fileRef = F095C26B1EC3F4AD00871874 /* tv+2.png */; };
		F095C4F61EC3F4AE00871874 /* tv-.png in Resources */ = {isa = PBXBuildFile; fileRef = F095C26C1EC3F4AD00871874 /* tv-.png */; };
		F095C4F71EC3F4AE00871874 /* tv-2.png in Resources */ = {isa = PBXBuildFile; fileRef = F095C26D1EC3F4AD00871874 /* tv-2.png */; };
		F095C4F81EC3F4AE00871874 /* voice+.png in Resources */ = {isa = PBXBuildFile; fileRef = F095C26E1EC3F4AD00871874 /* voice+.png */; };
		F095C4F91EC3F4AE00871874 /* voice+2.png in Resources */ = {isa = PBXBuildFile; fileRef = F095C26F1EC3F4AD00871874 /* voice+2.png */; };
		F095C4FA1EC3F4AE00871874 /* voice-.png in Resources */ = {isa = PBXBuildFile; fileRef = F095C2701EC3F4AD00871874 /* voice-.png */; };
		F095C4FB1EC3F4AE00871874 /* voice-2.png in Resources */ = {isa = PBXBuildFile; fileRef = F095C2711EC3F4AD00871874 /* voice-2.png */; };
		F095C4FC1EC3F4AE00871874 /* working.png in Resources */ = {isa = PBXBuildFile; fileRef = F095C2721EC3F4AD00871874 /* working.png */; };
		F095C4FD1EC3F4AE00871874 /* working2.png in Resources */ = {isa = PBXBuildFile; fileRef = F095C2731EC3F4AD00871874 /* working2.png */; };
		F095C4FE1EC3F4AE00871874 /* main_bk.jpg in Resources */ = {isa = PBXBuildFile; fileRef = F095C2751EC3F4AD00871874 /* main_bk.jpg */; };
		F095C4FF1EC3F4AE00871874 /* Service_QL.png in Resources */ = {isa = PBXBuildFile; fileRef = F095C2771EC3F4AD00871874 /* Service_QL.png */; };
		F095C5001EC3F4AE00871874 /* Service_QL2.png in Resources */ = {isa = PBXBuildFile; fileRef = F095C2781EC3F4AD00871874 /* Service_QL2.png */; };
		F095C5011EC3F4AE00871874 /* Service_SOS.png in Resources */ = {isa = PBXBuildFile; fileRef = F095C2791EC3F4AD00871874 /* Service_SOS.png */; };
		F095C5021EC3F4AE00871874 /* Service_SOS2.png in Resources */ = {isa = PBXBuildFile; fileRef = F095C27A1EC3F4AD00871874 /* Service_SOS2.png */; };
		F095C5031EC3F4AE00871874 /* Service_WR.png in Resources */ = {isa = PBXBuildFile; fileRef = F095C27B1EC3F4AD00871874 /* Service_WR.png */; };
		F095C5041EC3F4AE00871874 /* Service_WR2.png in Resources */ = {isa = PBXBuildFile; fileRef = F095C27C1EC3F4AD00871874 /* Service_WR2.png */; };
		F095C5051EC3F4AE00871874 /* aircon0.png in Resources */ = {isa = PBXBuildFile; fileRef = F095C27E1EC3F4AD00871874 /* aircon0.png */; };
		F095C5061EC3F4AE00871874 /* aircon1.png in Resources */ = {isa = PBXBuildFile; fileRef = F095C27F1EC3F4AD00871874 /* aircon1.png */; };
		F095C5071EC3F4AE00871874 /* lights0.png in Resources */ = {isa = PBXBuildFile; fileRef = F095C2801EC3F4AD00871874 /* lights0.png */; };
		F095C5081EC3F4AE00871874 /* lights1.png in Resources */ = {isa = PBXBuildFile; fileRef = F095C2811EC3F4AD00871874 /* lights1.png */; };
		F095C5091EC3F4AE00871874 /* service0.png in Resources */ = {isa = PBXBuildFile; fileRef = F095C2821EC3F4AD00871874 /* service0.png */; };
		F095C50A1EC3F4AE00871874 /* service1.png in Resources */ = {isa = PBXBuildFile; fileRef = F095C2831EC3F4AD00871874 /* service1.png */; };
		F095C50B1EC3F4AE00871874 /* setting0.png in Resources */ = {isa = PBXBuildFile; fileRef = F095C2841EC3F4AD00871874 /* setting0.png */; };
		F095C50C1EC3F4AE00871874 /* setting1.png in Resources */ = {isa = PBXBuildFile; fileRef = F095C2851EC3F4AD00871874 /* setting1.png */; };
		F095C5141EC3F4AE00871874 /* EquipmentInfoList.plist in Resources */ = {isa = PBXBuildFile; fileRef = F095C2991EC3F4AD00871874 /* EquipmentInfoList.plist */; };
		F095C63A1EC3FA0500871874 /* MainViewController.m in Sources */ = {isa = PBXBuildFile; fileRef = F095C62E1EC3FA0500871874 /* MainViewController.m */; };
		F095C63B1EC3FA0500871874 /* EquipmentInfo.m in Sources */ = {isa = PBXBuildFile; fileRef = F095C6311EC3FA0500871874 /* EquipmentInfo.m */; };
		F095C63D1EC3FA0500871874 /* TitleBarView.m in Sources */ = {isa = PBXBuildFile; fileRef = F095C6361EC3FA0500871874 /* TitleBarView.m */; };
		F095C63E1EC3FA0500871874 /* TitleBarView.xib in Resources */ = {isa = PBXBuildFile; fileRef = F095C6371EC3FA0500871874 /* TitleBarView.xib */; };
		F095C63F1EC3FA0500871874 /* WDYTabbar.m in Sources */ = {isa = PBXBuildFile; fileRef = F095C6391EC3FA0500871874 /* WDYTabbar.m */; };
		F095C6871EC3FBBB00871874 /* AirconViewController.m in Sources */ = {isa = PBXBuildFile; fileRef = F095C6431EC3FBBB00871874 /* AirconViewController.m */; };
		F095C68A1EC3FBBB00871874 /* ACNavigationView.xib in Resources */ = {isa = PBXBuildFile; fileRef = F095C64A1EC3FBBB00871874 /* ACNavigationView.xib */; };
		F095C68C1EC3FBBB00871874 /* AirconKeyboardView.xib in Resources */ = {isa = PBXBuildFile; fileRef = F095C64D1EC3FBBB00871874 /* AirconKeyboardView.xib */; };
		F095C68D1EC3FBBB00871874 /* LightsViewController.m in Sources */ = {isa = PBXBuildFile; fileRef = F095C6511EC3FBBB00871874 /* LightsViewController.m */; };
		F095C6951EC3FBBB00871874 /* BedroomLTView.xib in Resources */ = {isa = PBXBuildFile; fileRef = F095C6621EC3FBBB00871874 /* BedroomLTView.xib */; };
		F095C6971EC3FBBB00871874 /* CloakroomLTView.xib in Resources */ = {isa = PBXBuildFile; fileRef = F095C6651EC3FBBB00871874 /* CloakroomLTView.xib */; };
		F095C6991EC3FBBB00871874 /* GuestBathroomLTView.xib in Resources */ = {isa = PBXBuildFile; fileRef = F095C6681EC3FBBB00871874 /* GuestBathroomLTView.xib */; };
		F095C69B1EC3FBBB00871874 /* LTNavigationBarView.xib in Resources */ = {isa = PBXBuildFile; fileRef = F095C66B1EC3FBBB00871874 /* LTNavigationBarView.xib */; };
		F095C69D1EC3FBBB00871874 /* MainLampLTView.xib in Resources */ = {isa = PBXBuildFile; fileRef = F095C66E1EC3FBBB00871874 /* MainLampLTView.xib */; };
		F095C69F1EC3FBBB00871874 /* OverAllControlView.xib in Resources */ = {isa = PBXBuildFile; fileRef = F095C6711EC3FBBB00871874 /* OverAllControlView.xib */; };
		F095C6A11EC3FBBB00871874 /* ToletLTView.xib in Resources */ = {isa = PBXBuildFile; fileRef = F095C6741EC3FBBB00871874 /* ToletLTView.xib */; };
		F095C6A21EC3FBBB00871874 /* ServerViewController.m in Sources */ = {isa = PBXBuildFile; fileRef = F095C6781EC3FBBB00871874 /* ServerViewController.m */; };
		F095C6A41EC3FBBB00871874 /* ServerKeyboardView.xib in Resources */ = {isa = PBXBuildFile; fileRef = F095C67D1EC3FBBB00871874 /* ServerKeyboardView.xib */; };
		F095C6A51EC3FBBB00871874 /* SetViewController.m in Sources */ = {isa = PBXBuildFile; fileRef = F095C6811EC3FBBB00871874 /* SetViewController.m */; };
		F095C6A71EC3FBBB00871874 /* SetKeyboardView.xib in Resources */ = {isa = PBXBuildFile; fileRef = F095C6861EC3FBBB00871874 /* SetKeyboardView.xib */; };
		F095C6B61EC42D9800871874 /* BedroomLTView.m in Sources */ = {isa = PBXBuildFile; fileRef = F095C6A91EC42D9800871874 /* BedroomLTView.m */; };
		F095C6B71EC42D9800871874 /* CloakroomLTView.m in Sources */ = {isa = PBXBuildFile; fileRef = F095C6AB1EC42D9800871874 /* CloakroomLTView.m */; };
		F095C6B81EC42D9800871874 /* GuestBathroomLTView.m in Sources */ = {isa = PBXBuildFile; fileRef = F095C6AD1EC42D9800871874 /* GuestBathroomLTView.m */; };
		F095C6B91EC42D9800871874 /* LTNavigationBarView.m in Sources */ = {isa = PBXBuildFile; fileRef = F095C6AF1EC42D9800871874 /* LTNavigationBarView.m */; };
		F095C6BA1EC42D9800871874 /* MainLampLTView.m in Sources */ = {isa = PBXBuildFile; fileRef = F095C6B11EC42D9800871874 /* MainLampLTView.m */; };
		F095C6BB1EC42D9800871874 /* OverAllControlView.m in Sources */ = {isa = PBXBuildFile; fileRef = F095C6B31EC42D9800871874 /* OverAllControlView.m */; };
		F095C6BC1EC42D9800871874 /* ToletLTView.m in Sources */ = {isa = PBXBuildFile; fileRef = F095C6B51EC42D9800871874 /* ToletLTView.m */; };
		F095C6BF1EC431D200871874 /* CZButton.m in Sources */ = {isa = PBXBuildFile; fileRef = F095C6BE1EC431D200871874 /* CZButton.m */; };
		F095C6C41EC43D9000871874 /* ACNavigationView.m in Sources */ = {isa = PBXBuildFile; fileRef = F095C6C11EC43D9000871874 /* ACNavigationView.m */; };
		F095C6C51EC43D9000871874 /* AirconKeyboardView.m in Sources */ = {isa = PBXBuildFile; fileRef = F095C6C31EC43D9000871874 /* AirconKeyboardView.m */; };
		F095C6CB1EC44F0C00871874 /* ServerKeyboardView.m in Sources */ = {isa = PBXBuildFile; fileRef = F095C6CA1EC44F0C00871874 /* ServerKeyboardView.m */; };
		F095C6CE1EC450D400871874 /* SetKeyboardView.m in Sources */ = {isa = PBXBuildFile; fileRef = F095C6CD1EC450D400871874 /* SetKeyboardView.m */; };
		F095C6D11EC4535D00871874 /* UDPNetwork.m in Sources */ = {isa = PBXBuildFile; fileRef = F095C6D01EC4535D00871874 /* UDPNetwork.m */; };
		F095C6DD1EC466C000871874 /* AsyncUdpSocket.m in Sources */ = {isa = PBXBuildFile; fileRef = F095C6DC1EC466C000871874 /* AsyncUdpSocket.m */; };
		F095C6E91EC59D8700871874 /* RoomInfo.m in Sources */ = {isa = PBXBuildFile; fileRef = F095C6E81EC59D8700871874 /* RoomInfo.m */; };
/* End PBXBuildFile section */

/* Begin PBXFileReference section */
		68A0620DCCFE844B4D75AC79 /* Pods-LZHotelControl.release.xcconfig */ = {isa = PBXFileReference; includeInIndex = 1; lastKnownFileType = text.xcconfig; name = "Pods-LZHotelControl.release.xcconfig"; path = "Pods/Target Support Files/Pods-LZHotelControl/Pods-LZHotelControl.release.xcconfig"; sourceTree = "<group>"; };
		695E9764E7B9827B378FBF1C /* libPods-LZHotelControl.a */ = {isa = PBXFileReference; explicitFileType = archive.ar; includeInIndex = 0; path = "libPods-LZHotelControl.a"; sourceTree = BUILT_PRODUCTS_DIR; };
		CE68156FE0E0B7E52A1020F2 /* Pods-LZHotelControl.debug.xcconfig */ = {isa = PBXFileReference; includeInIndex = 1; lastKnownFileType = text.xcconfig; name = "Pods-LZHotelControl.debug.xcconfig"; path = "Pods/Target Support Files/Pods-LZHotelControl/Pods-LZHotelControl.debug.xcconfig"; sourceTree = "<group>"; };
		F004879C1ECAE6060087E3F0 /* Settings.bundle */ = {isa = PBXFileReference; lastKnownFileType = "wrapper.plug-in"; path = Settings.bundle; sourceTree = "<group>"; };
		F004879E1ECBECF00087E3F0 /* zh-Hans */ = {isa = PBXFileReference; lastKnownFileType = text.plist.strings; name = "zh-Hans"; path = "zh-Hans.lproj/LaunchScreen.strings"; sourceTree = "<group>"; };
		F00487A21ECBEDBC0087E3F0 /* zh-Hans */ = {isa = PBXFileReference; lastKnownFileType = text.plist.strings; name = "zh-Hans"; path = "zh-Hans.lproj/InfoPlist.strings"; sourceTree = "<group>"; };
		F00487A41ECBEDC10087E3F0 /* en */ = {isa = PBXFileReference; lastKnownFileType = text.plist.strings; name = en; path = en.lproj/InfoPlist.strings; sourceTree = "<group>"; };
		F01484251EC9823E008893C4 /* ON.png */ = {isa = PBXFileReference; lastKnownFileType = image.png; path = ON.png; sourceTree = "<group>"; };
		F01484271EC9824C008893C4 /* OFF.png */ = {isa = PBXFileReference; lastKnownFileType = image.png; path = OFF.png; sourceTree = "<group>"; };
		F01484291EC997E2008893C4 /* EPCore.h */ = {isa = PBXFileReference; fileEncoding = 4; lastKnownFileType = sourcecode.c.h; path = EPCore.h; sourceTree = "<group>"; };
		F014842A1EC997E2008893C4 /* EPCore.m */ = {isa = PBXFileReference; fileEncoding = 4; lastKnownFileType = sourcecode.c.objc; path = EPCore.m; sourceTree = "<group>"; };
		F095C20C1EC3F1C100871874 /* LZHotelControl.app */ = {isa = PBXFileReference; explicitFileType = wrapper.application; includeInIndex = 0; path = LZHotelControl.app; sourceTree = BUILT_PRODUCTS_DIR; };
		F095C2101EC3F1C100871874 /* main.m */ = {isa = PBXFileReference; lastKnownFileType = sourcecode.c.objc; path = main.m; sourceTree = "<group>"; };
		F095C2121EC3F1C100871874 /* AppDelegate.h */ = {isa = PBXFileReference; lastKnownFileType = sourcecode.c.h; path = AppDelegate.h; sourceTree = "<group>"; };
		F095C2131EC3F1C100871874 /* AppDelegate.m */ = {isa = PBXFileReference; lastKnownFileType = sourcecode.c.objc; path = AppDelegate.m; sourceTree = "<group>"; };
		F095C21B1EC3F1C100871874 /* Assets.xcassets */ = {isa = PBXFileReference; lastKnownFileType = folder.assetcatalog; path = Assets.xcassets; sourceTree = "<group>"; };
		F095C21E1EC3F1C100871874 /* Base */ = {isa = PBXFileReference; lastKnownFileType = file.storyboard; name = Base; path = Base.lproj/LaunchScreen.storyboard; sourceTree = "<group>"; };
		F095C2201EC3F1C100871874 /* Info.plist */ = {isa = PBXFileReference; lastKnownFileType = text.plist.xml; path = Info.plist; sourceTree = "<group>"; };
		F095C22B1EC3F49C00871874 /* HGRPrefixHeader.pch */ = {isa = PBXFileReference; fileEncoding = 4; lastKnownFileType = sourcecode.c.h; path = HGRPrefixHeader.pch; sourceTree = "<group>"; };
		F095C22E1EC3F4AD00871874 /* ADiSu.png */ = {isa = PBXFileReference; lastKnownFileType = image.png; path = ADiSu.png; sourceTree = "<group>"; };
		F095C22F1EC3F4AD00871874 /* ADiSu2.png */ = {isa = PBXFileReference; lastKnownFileType = image.png; path = ADiSu2.png; sourceTree = "<group>"; };
		F095C2301EC3F4AD00871874 /* AGaosu.png */ = {isa = PBXFileReference; lastKnownFileType = image.png; path = AGaosu.png; sourceTree = "<group>"; };
		F095C2311EC3F4AD00871874 /* AGaosu2.png */ = {isa = PBXFileReference; lastKnownFileType = image.png; path = AGaosu2.png; sourceTree = "<group>"; };
		F095C2321EC3F4AD00871874 /* aircon_temp.png */ = {isa = PBXFileReference; lastKnownFileType = image.png; path = aircon_temp.png; sourceTree = "<group>"; };
		F095C2331EC3F4AD00871874 /* ATingZhi.png */ = {isa = PBXFileReference; lastKnownFileType = image.png; path = ATingZhi.png; sourceTree = "<group>"; };
		F095C2341EC3F4AD00871874 /* ATingZhi2.png */ = {isa = PBXFileReference; lastKnownFileType = image.png; path = ATingZhi2.png; sourceTree = "<group>"; };
		F095C2351EC3F4AD00871874 /* ATongfeng.png */ = {isa = PBXFileReference; lastKnownFileType = image.png; path = ATongfeng.png; sourceTree = "<group>"; };
		F095C2361EC3F4AD00871874 /* ATongfeng2.png */ = {isa = PBXFileReference; lastKnownFileType = image.png; path = ATongfeng2.png; sourceTree = "<group>"; };
		F095C2371EC3F4AD00871874 /* AZhileng.png */ = {isa = PBXFileReference; lastKnownFileType = image.png; path = AZhileng.png; sourceTree = "<group>"; };
		F095C2381EC3F4AD00871874 /* AZhileng2.png */ = {isa = PBXFileReference; lastKnownFileType = image.png; path = AZhileng2.png; sourceTree = "<group>"; };
		F095C2391EC3F4AD00871874 /* AZhire.png */ = {isa = PBXFileReference; lastKnownFileType = image.png; path = AZhire.png; sourceTree = "<group>"; };
		F095C23A1EC3F4AD00871874 /* AZhire2.png */ = {isa = PBXFileReference; lastKnownFileType = image.png; path = AZhire2.png; sourceTree = "<group>"; };
		F095C23B1EC3F4AD00871874 /* AZhongSu.png */ = {isa = PBXFileReference; lastKnownFileType = image.png; path = AZhongSu.png; sourceTree = "<group>"; };
		F095C23C1EC3F4AD00871874 /* AZhongSu2.png */ = {isa = PBXFileReference; lastKnownFileType = image.png; path = AZhongSu2.png; sourceTree = "<group>"; };
		F095C23D1EC3F4AD00871874 /* AZidong.png */ = {isa = PBXFileReference; lastKnownFileType = image.png; path = AZidong.png; sourceTree = "<group>"; };
		F095C23E1EC3F4AD00871874 /* AZidong2.png */ = {isa = PBXFileReference; lastKnownFileType = image.png; path = AZidong2.png; sourceTree = "<group>"; };
		F095C23F1EC3F4AD00871874 /* JiangWen.png */ = {isa = PBXFileReference; lastKnownFileType = image.png; path = JiangWen.png; sourceTree = "<group>"; };
		F095C2401EC3F4AD00871874 /* JiangWen2.png */ = {isa = PBXFileReference; lastKnownFileType = image.png; path = JiangWen2.png; sourceTree = "<group>"; };
		F095C2411EC3F4AD00871874 /* model_code.png */ = {isa = PBXFileReference; lastKnownFileType = image.png; path = model_code.png; sourceTree = "<group>"; };
		F095C2421EC3F4AD00871874 /* model_hot.png */ = {isa = PBXFileReference; lastKnownFileType = image.png; path = model_hot.png; sourceTree = "<group>"; };
		F095C2431EC3F4AD00871874 /* model_wind.png */ = {isa = PBXFileReference; lastKnownFileType = image.png; path = model_wind.png; sourceTree = "<group>"; };
		F095C2441EC3F4AD00871874 /* Shengwen.png */ = {isa = PBXFileReference; lastKnownFileType = image.png; path = Shengwen.png; sourceTree = "<group>"; };
		F095C2451EC3F4AD00871874 /* Shengwen2.png */ = {isa = PBXFileReference; lastKnownFileType = image.png; path = Shengwen2.png; sourceTree = "<group>"; };
		F095C2461EC3F4AD00871874 /* wind_speed0.png */ = {isa = PBXFileReference; lastKnownFileType = image.png; path = wind_speed0.png; sourceTree = "<group>"; };
		F095C2471EC3F4AD00871874 /* wind_speed1.png */ = {isa = PBXFileReference; lastKnownFileType = image.png; path = wind_speed1.png; sourceTree = "<group>"; };
		F095C2481EC3F4AD00871874 /* wind_speed2.png */ = {isa = PBXFileReference; lastKnownFileType = image.png; path = wind_speed2.png; sourceTree = "<group>"; };
		F095C2491EC3F4AD00871874 /* wind_speed3.png */ = {isa = PBXFileReference; lastKnownFileType = image.png; path = wind_speed3.png; sourceTree = "<group>"; };
		F095C24A1EC3F4AD00871874 /* wind_speed4.png */ = {isa = PBXFileReference; lastKnownFileType = image.png; path = wind_speed4.png; sourceTree = "<group>"; };
		F095C24B1EC3F4AD00871874 /* ZhiLeng 15-16-50-649.png */ = {isa = PBXFileReference; lastKnownFileType = image.png; path = "ZhiLeng 15-16-50-649.png"; sourceTree = "<group>"; };
		F095C24D1EC3F4AD00871874 /* light.png */ = {isa = PBXFileReference; lastKnownFileType = image.png; path = light.png; sourceTree = "<group>"; };
		F095C24E1EC3F4AD00871874 /* server.png */ = {isa = PBXFileReference; lastKnownFileType = image.png; path = server.png; sourceTree = "<group>"; };
		F095C2501EC3F4AD00871874 /* LightClose.png */ = {isa = PBXFileReference; lastKnownFileType = image.png; path = LightClose.png; sourceTree = "<group>"; };
		F095C2511EC3F4AD00871874 /* LightClose2.png */ = {isa = PBXFileReference; lastKnownFileType = image.png; path = LightClose2.png; sourceTree = "<group>"; };
		F095C2521EC3F4AD00871874 /* LightOpen.png */ = {isa = PBXFileReference; lastKnownFileType = image.png; path = LightOpen.png; sourceTree = "<group>"; };
		F095C2531EC3F4AD00871874 /* LightOpen2.png */ = {isa = PBXFileReference; lastKnownFileType = image.png; path = LightOpen2.png; sourceTree = "<group>"; };
		F095C2561EC3F4AD00871874 /* reception.png */ = {isa = PBXFileReference; lastKnownFileType = image.png; path = reception.png; sourceTree = "<group>"; };
		F095C2571EC3F4AD00871874 /* reception2.png */ = {isa = PBXFileReference; lastKnownFileType = image.png; path = reception2.png; sourceTree = "<group>"; };
		F095C2581EC3F4AD00871874 /* romantic.png */ = {isa = PBXFileReference; lastKnownFileType = image.png; path = romantic.png; sourceTree = "<group>"; };
		F095C2591EC3F4AD00871874 /* romantic2.png */ = {isa = PBXFileReference; lastKnownFileType = image.png; path = romantic2.png; sourceTree = "<group>"; };
		F095C25A1EC3F4AD00871874 /* Scene1.png */ = {isa = PBXFileReference; lastKnownFileType = image.png; path = Scene1.png; sourceTree = "<group>"; };
		F095C25B1EC3F4AD00871874 /* Scene12.png */ = {isa = PBXFileReference; lastKnownFileType = image.png; path = Scene12.png; sourceTree = "<group>"; };
		F095C25C1EC3F4AD00871874 /* Scene2.png */ = {isa = PBXFileReference; lastKnownFileType = image.png; path = Scene2.png; sourceTree = "<group>"; };
		F095C25D1EC3F4AD00871874 /* Scene22.png */ = {isa = PBXFileReference; lastKnownFileType = image.png; path = Scene22.png; sourceTree = "<group>"; };
		F095C25E1EC3F4AD00871874 /* Scene3.png */ = {isa = PBXFileReference; lastKnownFileType = image.png; path = Scene3.png; sourceTree = "<group>"; };
		F095C25F1EC3F4AD00871874 /* Scene32.png */ = {isa = PBXFileReference; lastKnownFileType = image.png; path = Scene32.png; sourceTree = "<group>"; };
		F095C2601EC3F4AD00871874 /* Scene4.png */ = {isa = PBXFileReference; lastKnownFileType = image.png; path = Scene4.png; sourceTree = "<group>"; };
		F095C2611EC3F4AD00871874 /* Scene42.png */ = {isa = PBXFileReference; lastKnownFileType = image.png; path = Scene42.png; sourceTree = "<group>"; };
		F095C2621EC3F4AD00871874 /* sleep.png */ = {isa = PBXFileReference; lastKnownFileType = image.png; path = sleep.png; sourceTree = "<group>"; };
		F095C2631EC3F4AD00871874 /* sleep2.png */ = {isa = PBXFileReference; lastKnownFileType = image.png; path = sleep2.png; sourceTree = "<group>"; };
		F095C2641EC3F4AD00871874 /* spa.png */ = {isa = PBXFileReference; lastKnownFileType = image.png; path = spa.png; sourceTree = "<group>"; };
		F095C2651EC3F4AD00871874 /* spa2.png */ = {isa = PBXFileReference; lastKnownFileType = image.png; path = spa2.png; sourceTree = "<group>"; };
		F095C2661EC3F4AD00871874 /* spaClose.png */ = {isa = PBXFileReference; lastKnownFileType = image.png; path = spaClose.png; sourceTree = "<group>"; };
		F095C2671EC3F4AD00871874 /* spaClose2.png */ = {isa = PBXFileReference; lastKnownFileType = image.png; path = spaClose2.png; sourceTree = "<group>"; };
		F095C2681EC3F4AD00871874 /* spaOpen.png */ = {isa = PBXFileReference; lastKnownFileType = image.png; path = spaOpen.png; sourceTree = "<group>"; };
		F095C2691EC3F4AD00871874 /* spaOpen2.png */ = {isa = PBXFileReference; lastKnownFileType = image.png; path = spaOpen2.png; sourceTree = "<group>"; };
		F095C26A1EC3F4AD00871874 /* tv+.png */ = {isa = PBXFileReference; lastKnownFileType = image.png; path = "tv+.png"; sourceTree = "<group>"; };
		F095C26B1EC3F4AD00871874 /* tv+2.png */ = {isa = PBXFileReference; lastKnownFileType = image.png; path = "tv+2.png"; sourceTree = "<group>"; };
		F095C26C1EC3F4AD00871874 /* tv-.png */ = {isa = PBXFileReference; lastKnownFileType = image.png; path = "tv-.png"; sourceTree = "<group>"; };
		F095C26D1EC3F4AD00871874 /* tv-2.png */ = {isa = PBXFileReference; lastKnownFileType = image.png; path = "tv-2.png"; sourceTree = "<group>"; };
		F095C26E1EC3F4AD00871874 /* voice+.png */ = {isa = PBXFileReference; lastKnownFileType = image.png; path = "voice+.png"; sourceTree = "<group>"; };
		F095C26F1EC3F4AD00871874 /* voice+2.png */ = {isa = PBXFileReference; lastKnownFileType = image.png; path = "voice+2.png"; sourceTree = "<group>"; };
		F095C2701EC3F4AD00871874 /* voice-.png */ = {isa = PBXFileReference; lastKnownFileType = image.png; path = "voice-.png"; sourceTree = "<group>"; };
		F095C2711EC3F4AD00871874 /* voice-2.png */ = {isa = PBXFileReference; lastKnownFileType = image.png; path = "voice-2.png"; sourceTree = "<group>"; };
		F095C2721EC3F4AD00871874 /* working.png */ = {isa = PBXFileReference; lastKnownFileType = image.png; path = working.png; sourceTree = "<group>"; };
		F095C2731EC3F4AD00871874 /* working2.png */ = {isa = PBXFileReference; lastKnownFileType = image.png; path = working2.png; sourceTree = "<group>"; };
		F095C2751EC3F4AD00871874 /* main_bk.jpg */ = {isa = PBXFileReference; lastKnownFileType = image.jpeg; path = main_bk.jpg; sourceTree = "<group>"; };
		F095C2771EC3F4AD00871874 /* Service_QL.png */ = {isa = PBXFileReference; lastKnownFileType = image.png; path = Service_QL.png; sourceTree = "<group>"; };
		F095C2781EC3F4AD00871874 /* Service_QL2.png */ = {isa = PBXFileReference; lastKnownFileType = image.png; path = Service_QL2.png; sourceTree = "<group>"; };
		F095C2791EC3F4AD00871874 /* Service_SOS.png */ = {isa = PBXFileReference; lastKnownFileType = image.png; path = Service_SOS.png; sourceTree = "<group>"; };
		F095C27A1EC3F4AD00871874 /* Service_SOS2.png */ = {isa = PBXFileReference; lastKnownFileType = image.png; path = Service_SOS2.png; sourceTree = "<group>"; };
		F095C27B1EC3F4AD00871874 /* Service_WR.png */ = {isa = PBXFileReference; lastKnownFileType = image.png; path = Service_WR.png; sourceTree = "<group>"; };
		F095C27C1EC3F4AD00871874 /* Service_WR2.png */ = {isa = PBXFileReference; lastKnownFileType = image.png; path = Service_WR2.png; sourceTree = "<group>"; };
		F095C27E1EC3F4AD00871874 /* aircon0.png */ = {isa = PBXFileReference; lastKnownFileType = image.png; path = aircon0.png; sourceTree = "<group>"; };
		F095C27F1EC3F4AD00871874 /* aircon1.png */ = {isa = PBXFileReference; lastKnownFileType = image.png; path = aircon1.png; sourceTree = "<group>"; };
		F095C2801EC3F4AD00871874 /* lights0.png */ = {isa = PBXFileReference; lastKnownFileType = image.png; path = lights0.png; sourceTree = "<group>"; };
		F095C2811EC3F4AD00871874 /* lights1.png */ = {isa = PBXFileReference; lastKnownFileType = image.png; path = lights1.png; sourceTree = "<group>"; };
		F095C2821EC3F4AD00871874 /* service0.png */ = {isa = PBXFileReference; lastKnownFileType = image.png; path = service0.png; sourceTree = "<group>"; };
		F095C2831EC3F4AD00871874 /* service1.png */ = {isa = PBXFileReference; lastKnownFileType = image.png; path = service1.png; sourceTree = "<group>"; };
		F095C2841EC3F4AD00871874 /* setting0.png */ = {isa = PBXFileReference; lastKnownFileType = image.png; path = setting0.png; sourceTree = "<group>"; };
		F095C2851EC3F4AD00871874 /* setting1.png */ = {isa = PBXFileReference; lastKnownFileType = image.png; path = setting1.png; sourceTree = "<group>"; };
		F095C2991EC3F4AD00871874 /* EquipmentInfoList.plist */ = {isa = PBXFileReference; fileEncoding = 4; lastKnownFileType = text.plist.xml; path = EquipmentInfoList.plist; sourceTree = "<group>"; };
		F095C62D1EC3FA0500871874 /* MainViewController.h */ = {isa = PBXFileReference; fileEncoding = 4; lastKnownFileType = sourcecode.c.h; path = MainViewController.h; sourceTree = "<group>"; };
		F095C62E1EC3FA0500871874 /* MainViewController.m */ = {isa = PBXFileReference; fileEncoding = 4; lastKnownFileType = sourcecode.c.objc; path = MainViewController.m; sourceTree = "<group>"; };
		F095C6301EC3FA0500871874 /* EquipmentInfo.h */ = {isa = PBXFileReference; fileEncoding = 4; lastKnownFileType = sourcecode.c.h; path = EquipmentInfo.h; sourceTree = "<group>"; };
		F095C6311EC3FA0500871874 /* EquipmentInfo.m */ = {isa = PBXFileReference; fileEncoding = 4; lastKnownFileType = sourcecode.c.objc; path = EquipmentInfo.m; sourceTree = "<group>"; };
		F095C6351EC3FA0500871874 /* TitleBarView.h */ = {isa = PBXFileReference; fileEncoding = 4; lastKnownFileType = sourcecode.c.h; path = TitleBarView.h; sourceTree = "<group>"; };
		F095C6361EC3FA0500871874 /* TitleBarView.m */ = {isa = PBXFileReference; fileEncoding = 4; lastKnownFileType = sourcecode.c.objc; path = TitleBarView.m; sourceTree = "<group>"; };
		F095C6371EC3FA0500871874 /* TitleBarView.xib */ = {isa = PBXFileReference; fileEncoding = 4; lastKnownFileType = file.xib; path = TitleBarView.xib; sourceTree = "<group>"; };
		F095C6381EC3FA0500871874 /* WDYTabbar.h */ = {isa = PBXFileReference; fileEncoding = 4; lastKnownFileType = sourcecode.c.h; path = WDYTabbar.h; sourceTree = "<group>"; };
		F095C6391EC3FA0500871874 /* WDYTabbar.m */ = {isa = PBXFileReference; fileEncoding = 4; lastKnownFileType = sourcecode.c.objc; path = WDYTabbar.m; sourceTree = "<group>"; };
		F095C6421EC3FBBB00871874 /* AirconViewController.h */ = {isa = PBXFileReference; fileEncoding = 4; lastKnownFileType = sourcecode.c.h; path = AirconViewController.h; sourceTree = "<group>"; };
		F095C6431EC3FBBB00871874 /* AirconViewController.m */ = {isa = PBXFileReference; fileEncoding = 4; lastKnownFileType = sourcecode.c.objc; path = AirconViewController.m; sourceTree = "<group>"; };
		F095C64A1EC3FBBB00871874 /* ACNavigationView.xib */ = {isa = PBXFileReference; fileEncoding = 4; lastKnownFileType = file.xib; path = ACNavigationView.xib; sourceTree = "<group>"; };
		F095C64D1EC3FBBB00871874 /* AirconKeyboardView.xib */ = {isa = PBXFileReference; fileEncoding = 4; lastKnownFileType = file.xib; path = AirconKeyboardView.xib; sourceTree = "<group>"; };
		F095C6501EC3FBBB00871874 /* LightsViewController.h */ = {isa = PBXFileReference; fileEncoding = 4; lastKnownFileType = sourcecode.c.h; path = LightsViewController.h; sourceTree = "<group>"; };
		F095C6511EC3FBBB00871874 /* LightsViewController.m */ = {isa = PBXFileReference; fileEncoding = 4; lastKnownFileType = sourcecode.c.objc; path = LightsViewController.m; sourceTree = "<group>"; };
		F095C6621EC3FBBB00871874 /* BedroomLTView.xib */ = {isa = PBXFileReference; fileEncoding = 4; lastKnownFileType = file.xib; path = BedroomLTView.xib; sourceTree = "<group>"; };
		F095C6651EC3FBBB00871874 /* CloakroomLTView.xib */ = {isa = PBXFileReference; fileEncoding = 4; lastKnownFileType = file.xib; path = CloakroomLTView.xib; sourceTree = "<group>"; };
		F095C6681EC3FBBB00871874 /* GuestBathroomLTView.xib */ = {isa = PBXFileReference; fileEncoding = 4; lastKnownFileType = file.xib; path = GuestBathroomLTView.xib; sourceTree = "<group>"; };
		F095C66B1EC3FBBB00871874 /* LTNavigationBarView.xib */ = {isa = PBXFileReference; fileEncoding = 4; lastKnownFileType = file.xib; path = LTNavigationBarView.xib; sourceTree = "<group>"; };
		F095C66E1EC3FBBB00871874 /* MainLampLTView.xib */ = {isa = PBXFileReference; fileEncoding = 4; lastKnownFileType = file.xib; path = MainLampLTView.xib; sourceTree = "<group>"; };
		F095C6711EC3FBBB00871874 /* OverAllControlView.xib */ = {isa = PBXFileReference; fileEncoding = 4; lastKnownFileType = file.xib; path = OverAllControlView.xib; sourceTree = "<group>"; };
		F095C6741EC3FBBB00871874 /* ToletLTView.xib */ = {isa = PBXFileReference; fileEncoding = 4; lastKnownFileType = file.xib; path = ToletLTView.xib; sourceTree = "<group>"; };
		F095C6771EC3FBBB00871874 /* ServerViewController.h */ = {isa = PBXFileReference; fileEncoding = 4; lastKnownFileType = sourcecode.c.h; path = ServerViewController.h; sourceTree = "<group>"; };
		F095C6781EC3FBBB00871874 /* ServerViewController.m */ = {isa = PBXFileReference; fileEncoding = 4; lastKnownFileType = sourcecode.c.objc; path = ServerViewController.m; sourceTree = "<group>"; };
		F095C67D1EC3FBBB00871874 /* ServerKeyboardView.xib */ = {isa = PBXFileReference; fileEncoding = 4; lastKnownFileType = file.xib; path = ServerKeyboardView.xib; sourceTree = "<group>"; };
		F095C6801EC3FBBB00871874 /* SetViewController.h */ = {isa = PBXFileReference; fileEncoding = 4; lastKnownFileType = sourcecode.c.h; path = SetViewController.h; sourceTree = "<group>"; };
		F095C6811EC3FBBB00871874 /* SetViewController.m */ = {isa = PBXFileReference; fileEncoding = 4; lastKnownFileType = sourcecode.c.objc; path = SetViewController.m; sourceTree = "<group>"; };
		F095C6861EC3FBBB00871874 /* SetKeyboardView.xib */ = {isa = PBXFileReference; fileEncoding = 4; lastKnownFileType = file.xib; path = SetKeyboardView.xib; sourceTree = "<group>"; };
		F095C6A81EC42D9800871874 /* BedroomLTView.h */ = {isa = PBXFileReference; fileEncoding = 4; lastKnownFileType = sourcecode.c.h; path = BedroomLTView.h; sourceTree = "<group>"; };
		F095C6A91EC42D9800871874 /* BedroomLTView.m */ = {isa = PBXFileReference; fileEncoding = 4; lastKnownFileType = sourcecode.c.objc; path = BedroomLTView.m; sourceTree = "<group>"; };
		F095C6AA1EC42D9800871874 /* CloakroomLTView.h */ = {isa = PBXFileReference; fileEncoding = 4; lastKnownFileType = sourcecode.c.h; path = CloakroomLTView.h; sourceTree = "<group>"; };
		F095C6AB1EC42D9800871874 /* CloakroomLTView.m */ = {isa = PBXFileReference; fileEncoding = 4; lastKnownFileType = sourcecode.c.objc; path = CloakroomLTView.m; sourceTree = "<group>"; };
		F095C6AC1EC42D9800871874 /* GuestBathroomLTView.h */ = {isa = PBXFileReference; fileEncoding = 4; lastKnownFileType = sourcecode.c.h; path = GuestBathroomLTView.h; sourceTree = "<group>"; };
		F095C6AD1EC42D9800871874 /* GuestBathroomLTView.m */ = {isa = PBXFileReference; fileEncoding = 4; lastKnownFileType = sourcecode.c.objc; path = GuestBathroomLTView.m; sourceTree = "<group>"; };
		F095C6AE1EC42D9800871874 /* LTNavigationBarView.h */ = {isa = PBXFileReference; fileEncoding = 4; lastKnownFileType = sourcecode.c.h; path = LTNavigationBarView.h; sourceTree = "<group>"; };
		F095C6AF1EC42D9800871874 /* LTNavigationBarView.m */ = {isa = PBXFileReference; fileEncoding = 4; lastKnownFileType = sourcecode.c.objc; path = LTNavigationBarView.m; sourceTree = "<group>"; };
		F095C6B01EC42D9800871874 /* MainLampLTView.h */ = {isa = PBXFileReference; fileEncoding = 4; lastKnownFileType = sourcecode.c.h; path = MainLampLTView.h; sourceTree = "<group>"; };
		F095C6B11EC42D9800871874 /* MainLampLTView.m */ = {isa = PBXFileReference; fileEncoding = 4; lastKnownFileType = sourcecode.c.objc; path = MainLampLTView.m; sourceTree = "<group>"; };
		F095C6B21EC42D9800871874 /* OverAllControlView.h */ = {isa = PBXFileReference; fileEncoding = 4; lastKnownFileType = sourcecode.c.h; path = OverAllControlView.h; sourceTree = "<group>"; };
		F095C6B31EC42D9800871874 /* OverAllControlView.m */ = {isa = PBXFileReference; fileEncoding = 4; lastKnownFileType = sourcecode.c.objc; path = OverAllControlView.m; sourceTree = "<group>"; };
		F095C6B41EC42D9800871874 /* ToletLTView.h */ = {isa = PBXFileReference; fileEncoding = 4; lastKnownFileType = sourcecode.c.h; path = ToletLTView.h; sourceTree = "<group>"; };
		F095C6B51EC42D9800871874 /* ToletLTView.m */ = {isa = PBXFileReference; fileEncoding = 4; lastKnownFileType = sourcecode.c.objc; path = ToletLTView.m; sourceTree = "<group>"; };
		F095C6BD1EC431D200871874 /* CZButton.h */ = {isa = PBXFileReference; fileEncoding = 4; lastKnownFileType = sourcecode.c.h; path = CZButton.h; sourceTree = "<group>"; };
		F095C6BE1EC431D200871874 /* CZButton.m */ = {isa = PBXFileReference; fileEncoding = 4; lastKnownFileType = sourcecode.c.objc; path = CZButton.m; sourceTree = "<group>"; };
		F095C6C01EC43D9000871874 /* ACNavigationView.h */ = {isa = PBXFileReference; fileEncoding = 4; lastKnownFileType = sourcecode.c.h; path = ACNavigationView.h; sourceTree = "<group>"; };
		F095C6C11EC43D9000871874 /* ACNavigationView.m */ = {isa = PBXFileReference; fileEncoding = 4; lastKnownFileType = sourcecode.c.objc; path = ACNavigationView.m; sourceTree = "<group>"; };
		F095C6C21EC43D9000871874 /* AirconKeyboardView.h */ = {isa = PBXFileReference; fileEncoding = 4; lastKnownFileType = sourcecode.c.h; path = AirconKeyboardView.h; sourceTree = "<group>"; };
		F095C6C31EC43D9000871874 /* AirconKeyboardView.m */ = {isa = PBXFileReference; fileEncoding = 4; lastKnownFileType = sourcecode.c.objc; path = AirconKeyboardView.m; sourceTree = "<group>"; };
		F095C6C91EC44F0C00871874 /* ServerKeyboardView.h */ = {isa = PBXFileReference; fileEncoding = 4; lastKnownFileType = sourcecode.c.h; path = ServerKeyboardView.h; sourceTree = "<group>"; };
		F095C6CA1EC44F0C00871874 /* ServerKeyboardView.m */ = {isa = PBXFileReference; fileEncoding = 4; lastKnownFileType = sourcecode.c.objc; path = ServerKeyboardView.m; sourceTree = "<group>"; };
		F095C6CC1EC450D400871874 /* SetKeyboardView.h */ = {isa = PBXFileReference; fileEncoding = 4; lastKnownFileType = sourcecode.c.h; path = SetKeyboardView.h; sourceTree = "<group>"; };
		F095C6CD1EC450D400871874 /* SetKeyboardView.m */ = {isa = PBXFileReference; fileEncoding = 4; lastKnownFileType = sourcecode.c.objc; path = SetKeyboardView.m; sourceTree = "<group>"; };
		F095C6CF1EC4535C00871874 /* UDPNetwork.h */ = {isa = PBXFileReference; fileEncoding = 4; lastKnownFileType = sourcecode.c.h; path = UDPNetwork.h; sourceTree = "<group>"; };
		F095C6D01EC4535D00871874 /* UDPNetwork.m */ = {isa = PBXFileReference; fileEncoding = 4; lastKnownFileType = sourcecode.c.objc; path = UDPNetwork.m; sourceTree = "<group>"; };
		F095C6DB1EC466C000871874 /* AsyncUdpSocket.h */ = {isa = PBXFileReference; fileEncoding = 4; lastKnownFileType = sourcecode.c.h; path = AsyncUdpSocket.h; sourceTree = "<group>"; };
		F095C6DC1EC466C000871874 /* AsyncUdpSocket.m */ = {isa = PBXFileReference; fileEncoding = 4; lastKnownFileType = sourcecode.c.objc; path = AsyncUdpSocket.m; sourceTree = "<group>"; };
		F095C6E71EC59D8700871874 /* RoomInfo.h */ = {isa = PBXFileReference; fileEncoding = 4; lastKnownFileType = sourcecode.c.h; path = RoomInfo.h; sourceTree = "<group>"; };
		F095C6E81EC59D8700871874 /* RoomInfo.m */ = {isa = PBXFileReference; fileEncoding = 4; lastKnownFileType = sourcecode.c.objc; path = RoomInfo.m; sourceTree = "<group>"; };
/* End PBXFileReference section */

/* Begin PBXFrameworksBuildPhase section */
		F095C2091EC3F1C100871874 /* Frameworks */ = {
			isa = PBXFrameworksBuildPhase;
			buildActionMask = 2147483647;
			files = (
				EC682B24803D859EC38BEB80 /* libPods-LZHotelControl.a in Frameworks */,
			);
			runOnlyForDeploymentPostprocessing = 0;
		};
/* End PBXFrameworksBuildPhase section */

/* Begin PBXGroup section */
		2402E2EE121CC67A57A8F42B /* Pods */ = {
			isa = PBXGroup;
			children = (
				CE68156FE0E0B7E52A1020F2 /* Pods-LZHotelControl.debug.xcconfig */,
				68A0620DCCFE844B4D75AC79 /* Pods-LZHotelControl.release.xcconfig */,
			);
			name = Pods;
			sourceTree = "<group>";
		};
		80027F62D205B109254295E5 /* Frameworks */ = {
			isa = PBXGroup;
			children = (
				695E9764E7B9827B378FBF1C /* libPods-LZHotelControl.a */,
			);
			name = Frameworks;
			sourceTree = "<group>";
		};
		F095C2031EC3F1C100871874 = {
			isa = PBXGroup;
			children = (
				F00487A31ECBEDBC0087E3F0 /* InfoPlist.strings */,
				F004879C1ECAE6060087E3F0 /* Settings.bundle */,
				F095C20E1EC3F1C100871874 /* LZHotelControl */,
				F095C20D1EC3F1C100871874 /* Products */,
				2402E2EE121CC67A57A8F42B /* Pods */,
				80027F62D205B109254295E5 /* Frameworks */,
			);
			sourceTree = "<group>";
		};
		F095C20D1EC3F1C100871874 /* Products */ = {
			isa = PBXGroup;
			children = (
				F095C20C1EC3F1C100871874 /* LZHotelControl.app */,
			);
			name = Products;
			sourceTree = "<group>";
		};
		F095C20E1EC3F1C100871874 /* LZHotelControl */ = {
			isa = PBXGroup;
			children = (
				F095C6401EC3FBBB00871874 /* LZAircon */,
				F095C64E1EC3FBBB00871874 /* LZLights */,
				F095C6751EC3FBBB00871874 /* LZServer */,
				F095C67E1EC3FBBB00871874 /* LZSet */,
				F095C62B1EC3FA0500871874 /* LZMain */,
				F095C22C1EC3F4AD00871874 /* LZImages */,
				F095C2961EC3F4AD00871874 /* Others */,
				F095C22A1EC3F49C00871874 /* LZPch */,
				F095C6DA1EC466C000871874 /* AsyncUdpSocket */,
				F095C2121EC3F1C100871874 /* AppDelegate.h */,
				F095C2131EC3F1C100871874 /* AppDelegate.m */,
				F095C21B1EC3F1C100871874 /* Assets.xcassets */,
				F095C21D1EC3F1C100871874 /* LaunchScreen.storyboard */,
				F095C2201EC3F1C100871874 /* Info.plist */,
				F095C20F1EC3F1C100871874 /* Supporting Files */,
			);
			path = LZHotelControl;
			sourceTree = "<group>";
		};
		F095C20F1EC3F1C100871874 /* Supporting Files */ = {
			isa = PBXGroup;
			children = (
				F095C2101EC3F1C100871874 /* main.m */,
			);
			name = "Supporting Files";
			sourceTree = "<group>";
		};
		F095C22A1EC3F49C00871874 /* LZPch */ = {
			isa = PBXGroup;
			children = (
				F095C22B1EC3F49C00871874 /* HGRPrefixHeader.pch */,
			);
			path = LZPch;
			sourceTree = "<group>";
		};
		F095C22C1EC3F4AD00871874 /* LZImages */ = {
			isa = PBXGroup;
			children = (
				F095C22D1EC3F4AD00871874 /* AirconImages */,
				F095C24C1EC3F4AD00871874 /* EquipmentImages */,
				F095C24F1EC3F4AD00871874 /* LightsImages */,
				F095C2741EC3F4AD00871874 /* MainViewBackground */,
				F095C2761EC3F4AD00871874 /* ServerImages */,
				F095C27D1EC3F4AD00871874 /* TabBarImages */,
			);
			path = LZImages;
			sourceTree = "<group>";
		};
		F095C22D1EC3F4AD00871874 /* AirconImages */ = {
			isa = PBXGroup;
			children = (
				F095C22E1EC3F4AD00871874 /* ADiSu.png */,
				F095C22F1EC3F4AD00871874 /* ADiSu2.png */,
				F095C2301EC3F4AD00871874 /* AGaosu.png */,
				F095C2311EC3F4AD00871874 /* AGaosu2.png */,
				F095C2321EC3F4AD00871874 /* aircon_temp.png */,
				F095C2331EC3F4AD00871874 /* ATingZhi.png */,
				F095C2341EC3F4AD00871874 /* ATingZhi2.png */,
				F095C2351EC3F4AD00871874 /* ATongfeng.png */,
				F095C2361EC3F4AD00871874 /* ATongfeng2.png */,
				F095C2371EC3F4AD00871874 /* AZhileng.png */,
				F095C2381EC3F4AD00871874 /* AZhileng2.png */,
				F095C2391EC3F4AD00871874 /* AZhire.png */,
				F095C23A1EC3F4AD00871874 /* AZhire2.png */,
				F095C23B1EC3F4AD00871874 /* AZhongSu.png */,
				F095C23C1EC3F4AD00871874 /* AZhongSu2.png */,
				F095C23D1EC3F4AD00871874 /* AZidong.png */,
				F095C23E1EC3F4AD00871874 /* AZidong2.png */,
				F095C23F1EC3F4AD00871874 /* JiangWen.png */,
				F095C2401EC3F4AD00871874 /* JiangWen2.png */,
				F095C2411EC3F4AD00871874 /* model_code.png */,
				F095C2421EC3F4AD00871874 /* model_hot.png */,
				F095C2431EC3F4AD00871874 /* model_wind.png */,
				F095C2441EC3F4AD00871874 /* Shengwen.png */,
				F095C2451EC3F4AD00871874 /* Shengwen2.png */,
				F095C2461EC3F4AD00871874 /* wind_speed0.png */,
				F095C2471EC3F4AD00871874 /* wind_speed1.png */,
				F095C2481EC3F4AD00871874 /* wind_speed2.png */,
				F095C2491EC3F4AD00871874 /* wind_speed3.png */,
				F095C24A1EC3F4AD00871874 /* wind_speed4.png */,
				F095C24B1EC3F4AD00871874 /* ZhiLeng 15-16-50-649.png */,
			);
			path = AirconImages;
			sourceTree = "<group>";
		};
		F095C24C1EC3F4AD00871874 /* EquipmentImages */ = {
			isa = PBXGroup;
			children = (
				F095C24D1EC3F4AD00871874 /* light.png */,
				F095C24E1EC3F4AD00871874 /* server.png */,
			);
			path = EquipmentImages;
			sourceTree = "<group>";
		};
		F095C24F1EC3F4AD00871874 /* LightsImages */ = {
			isa = PBXGroup;
			children = (
				F095C2501EC3F4AD00871874 /* LightClose.png */,
				F095C2511EC3F4AD00871874 /* LightClose2.png */,
				F095C2521EC3F4AD00871874 /* LightOpen.png */,
				F01484251EC9823E008893C4 /* ON.png */,
				F095C2531EC3F4AD00871874 /* LightOpen2.png */,
				F01484271EC9824C008893C4 /* OFF.png */,
				F095C2561EC3F4AD00871874 /* reception.png */,
				F095C2571EC3F4AD00871874 /* reception2.png */,
				F095C2581EC3F4AD00871874 /* romantic.png */,
				F095C2591EC3F4AD00871874 /* romantic2.png */,
				F095C25A1EC3F4AD00871874 /* Scene1.png */,
				F095C25B1EC3F4AD00871874 /* Scene12.png */,
				F095C25C1EC3F4AD00871874 /* Scene2.png */,
				F095C25D1EC3F4AD00871874 /* Scene22.png */,
				F095C25E1EC3F4AD00871874 /* Scene3.png */,
				F095C25F1EC3F4AD00871874 /* Scene32.png */,
				F095C2601EC3F4AD00871874 /* Scene4.png */,
				F095C2611EC3F4AD00871874 /* Scene42.png */,
				F095C2621EC3F4AD00871874 /* sleep.png */,
				F095C2631EC3F4AD00871874 /* sleep2.png */,
				F095C2641EC3F4AD00871874 /* spa.png */,
				F095C2651EC3F4AD00871874 /* spa2.png */,
				F095C2661EC3F4AD00871874 /* spaClose.png */,
				F095C2671EC3F4AD00871874 /* spaClose2.png */,
				F095C2681EC3F4AD00871874 /* spaOpen.png */,
				F095C2691EC3F4AD00871874 /* spaOpen2.png */,
				F095C26A1EC3F4AD00871874 /* tv+.png */,
				F095C26B1EC3F4AD00871874 /* tv+2.png */,
				F095C26C1EC3F4AD00871874 /* tv-.png */,
				F095C26D1EC3F4AD00871874 /* tv-2.png */,
				F095C26E1EC3F4AD00871874 /* voice+.png */,
				F095C26F1EC3F4AD00871874 /* voice+2.png */,
				F095C2701EC3F4AD00871874 /* voice-.png */,
				F095C2711EC3F4AD00871874 /* voice-2.png */,
				F095C2721EC3F4AD00871874 /* working.png */,
				F095C2731EC3F4AD00871874 /* working2.png */,
			);
			path = LightsImages;
			sourceTree = "<group>";
		};
		F095C2741EC3F4AD00871874 /* MainViewBackground */ = {
			isa = PBXGroup;
			children = (
				F095C2751EC3F4AD00871874 /* main_bk.jpg */,
			);
			path = MainViewBackground;
			sourceTree = "<group>";
		};
		F095C2761EC3F4AD00871874 /* ServerImages */ = {
			isa = PBXGroup;
			children = (
				F095C2771EC3F4AD00871874 /* Service_QL.png */,
				F095C2781EC3F4AD00871874 /* Service_QL2.png */,
				F095C2791EC3F4AD00871874 /* Service_SOS.png */,
				F095C27A1EC3F4AD00871874 /* Service_SOS2.png */,
				F095C27B1EC3F4AD00871874 /* Service_WR.png */,
				F095C27C1EC3F4AD00871874 /* Service_WR2.png */,
			);
			path = ServerImages;
			sourceTree = "<group>";
		};
		F095C27D1EC3F4AD00871874 /* TabBarImages */ = {
			isa = PBXGroup;
			children = (
				F095C27E1EC3F4AD00871874 /* aircon0.png */,
				F095C27F1EC3F4AD00871874 /* aircon1.png */,
				F095C2801EC3F4AD00871874 /* lights0.png */,
				F095C2811EC3F4AD00871874 /* lights1.png */,
				F095C2821EC3F4AD00871874 /* service0.png */,
				F095C2831EC3F4AD00871874 /* service1.png */,
				F095C2841EC3F4AD00871874 /* setting0.png */,
				F095C2851EC3F4AD00871874 /* setting1.png */,
			);
			path = TabBarImages;
			sourceTree = "<group>";
		};
		F095C2961EC3F4AD00871874 /* Others */ = {
			isa = PBXGroup;
			children = (
				F095C6CF1EC4535C00871874 /* UDPNetwork.h */,
				F095C6D01EC4535D00871874 /* UDPNetwork.m */,
				F095C2991EC3F4AD00871874 /* EquipmentInfoList.plist */,
				F095C6E71EC59D8700871874 /* RoomInfo.h */,
				F095C6E81EC59D8700871874 /* RoomInfo.m */,
				F01484291EC997E2008893C4 /* EPCore.h */,
				F014842A1EC997E2008893C4 /* EPCore.m */,
			);
			path = Others;
			sourceTree = "<group>";
		};
		F095C62B1EC3FA0500871874 /* LZMain */ = {
			isa = PBXGroup;
			children = (
				F095C62C1EC3FA0500871874 /* MainControllers */,
				F095C62F1EC3FA0500871874 /* MainModel */,
				F095C6341EC3FA0500871874 /* MainView */,
			);
			path = LZMain;
			sourceTree = "<group>";
		};
		F095C62C1EC3FA0500871874 /* MainControllers */ = {
			isa = PBXGroup;
			children = (
				F095C62D1EC3FA0500871874 /* MainViewController.h */,
				F095C62E1EC3FA0500871874 /* MainViewController.m */,
			);
			path = MainControllers;
			sourceTree = "<group>";
		};
		F095C62F1EC3FA0500871874 /* MainModel */ = {
			isa = PBXGroup;
			children = (
				F095C6301EC3FA0500871874 /* EquipmentInfo.h */,
				F095C6311EC3FA0500871874 /* EquipmentInfo.m */,
				F095C6BD1EC431D200871874 /* CZButton.h */,
				F095C6BE1EC431D200871874 /* CZButton.m */,
			);
			path = MainModel;
			sourceTree = "<group>";
		};
		F095C6341EC3FA0500871874 /* MainView */ = {
			isa = PBXGroup;
			children = (
				F095C6351EC3FA0500871874 /* TitleBarView.h */,
				F095C6361EC3FA0500871874 /* TitleBarView.m */,
				F095C6371EC3FA0500871874 /* TitleBarView.xib */,
				F095C6381EC3FA0500871874 /* WDYTabbar.h */,
				F095C6391EC3FA0500871874 /* WDYTabbar.m */,
			);
			path = MainView;
			sourceTree = "<group>";
		};
		F095C6401EC3FBBB00871874 /* LZAircon */ = {
			isa = PBXGroup;
			children = (
				F095C6411EC3FBBB00871874 /* AirconControllers */,
				F095C6441EC3FBBB00871874 /* AirconModel */,
				F095C6471EC3FBBB00871874 /* AirconView */,
			);
			path = LZAircon;
			sourceTree = "<group>";
		};
		F095C6411EC3FBBB00871874 /* AirconControllers */ = {
			isa = PBXGroup;
			children = (
				F095C6421EC3FBBB00871874 /* AirconViewController.h */,
				F095C6431EC3FBBB00871874 /* AirconViewController.m */,
			);
			path = AirconControllers;
			sourceTree = "<group>";
		};
		F095C6441EC3FBBB00871874 /* AirconModel */ = {
			isa = PBXGroup;
			children = (
			);
			path = AirconModel;
			sourceTree = "<group>";
		};
		F095C6471EC3FBBB00871874 /* AirconView */ = {
			isa = PBXGroup;
			children = (
				F095C6C01EC43D9000871874 /* ACNavigationView.h */,
				F095C6C11EC43D9000871874 /* ACNavigationView.m */,
				F095C6C21EC43D9000871874 /* AirconKeyboardView.h */,
				F095C6C31EC43D9000871874 /* AirconKeyboardView.m */,
				F095C64A1EC3FBBB00871874 /* ACNavigationView.xib */,
				F095C64D1EC3FBBB00871874 /* AirconKeyboardView.xib */,
			);
			path = AirconView;
			sourceTree = "<group>";
		};
		F095C64E1EC3FBBB00871874 /* LZLights */ = {
			isa = PBXGroup;
			children = (
				F095C64F1EC3FBBB00871874 /* LightsControllers */,
				F095C6521EC3FBBB00871874 /* LightsModel */,
				F095C65F1EC3FBBB00871874 /* LightsView */,
			);
			path = LZLights;
			sourceTree = "<group>";
		};
		F095C64F1EC3FBBB00871874 /* LightsControllers */ = {
			isa = PBXGroup;
			children = (
				F095C6501EC3FBBB00871874 /* LightsViewController.h */,
				F095C6511EC3FBBB00871874 /* LightsViewController.m */,
			);
			path = LightsControllers;
			sourceTree = "<group>";
		};
		F095C6521EC3FBBB00871874 /* LightsModel */ = {
			isa = PBXGroup;
			children = (
			);
			path = LightsModel;
			sourceTree = "<group>";
		};
		F095C65F1EC3FBBB00871874 /* LightsView */ = {
			isa = PBXGroup;
			children = (
				F095C6A81EC42D9800871874 /* BedroomLTView.h */,
				F095C6A91EC42D9800871874 /* BedroomLTView.m */,
				F095C6AA1EC42D9800871874 /* CloakroomLTView.h */,
				F095C6AB1EC42D9800871874 /* CloakroomLTView.m */,
				F095C6AC1EC42D9800871874 /* GuestBathroomLTView.h */,
				F095C6AD1EC42D9800871874 /* GuestBathroomLTView.m */,
				F095C6AE1EC42D9800871874 /* LTNavigationBarView.h */,
				F095C6AF1EC42D9800871874 /* LTNavigationBarView.m */,
				F095C6B01EC42D9800871874 /* MainLampLTView.h */,
				F095C6B11EC42D9800871874 /* MainLampLTView.m */,
				F095C6B21EC42D9800871874 /* OverAllControlView.h */,
				F095C6B31EC42D9800871874 /* OverAllControlView.m */,
				F095C6B41EC42D9800871874 /* ToletLTView.h */,
				F095C6B51EC42D9800871874 /* ToletLTView.m */,
				F095C6621EC3FBBB00871874 /* BedroomLTView.xib */,
				F095C6651EC3FBBB00871874 /* CloakroomLTView.xib */,
				F095C6681EC3FBBB00871874 /* GuestBathroomLTView.xib */,
				F095C66B1EC3FBBB00871874 /* LTNavigationBarView.xib */,
				F095C66E1EC3FBBB00871874 /* MainLampLTView.xib */,
				F095C6711EC3FBBB00871874 /* OverAllControlView.xib */,
				F095C6741EC3FBBB00871874 /* ToletLTView.xib */,
			);
			path = LightsView;
			sourceTree = "<group>";
		};
		F095C6751EC3FBBB00871874 /* LZServer */ = {
			isa = PBXGroup;
			children = (
				F095C6761EC3FBBB00871874 /* ServerControllers */,
				F095C6791EC3FBBB00871874 /* ServerModel */,
				F095C67A1EC3FBBB00871874 /* ServerView */,
			);
			path = LZServer;
			sourceTree = "<group>";
		};
		F095C6761EC3FBBB00871874 /* ServerControllers */ = {
			isa = PBXGroup;
			children = (
				F095C6771EC3FBBB00871874 /* ServerViewController.h */,
				F095C6781EC3FBBB00871874 /* ServerViewController.m */,
			);
			path = ServerControllers;
			sourceTree = "<group>";
		};
		F095C6791EC3FBBB00871874 /* ServerModel */ = {
			isa = PBXGroup;
			children = (
			);
			path = ServerModel;
			sourceTree = "<group>";
		};
		F095C67A1EC3FBBB00871874 /* ServerView */ = {
			isa = PBXGroup;
			children = (
				F095C6C91EC44F0C00871874 /* ServerKeyboardView.h */,
				F095C6CA1EC44F0C00871874 /* ServerKeyboardView.m */,
				F095C67D1EC3FBBB00871874 /* ServerKeyboardView.xib */,
			);
			path = ServerView;
			sourceTree = "<group>";
		};
		F095C67E1EC3FBBB00871874 /* LZSet */ = {
			isa = PBXGroup;
			children = (
				F095C67F1EC3FBBB00871874 /* SetControllers */,
				F095C6821EC3FBBB00871874 /* SetModel */,
				F095C6831EC3FBBB00871874 /* SetView */,
			);
			path = LZSet;
			sourceTree = "<group>";
		};
		F095C67F1EC3FBBB00871874 /* SetControllers */ = {
			isa = PBXGroup;
			children = (
				F095C6801EC3FBBB00871874 /* SetViewController.h */,
				F095C6811EC3FBBB00871874 /* SetViewController.m */,
			);
			path = SetControllers;
			sourceTree = "<group>";
		};
		F095C6821EC3FBBB00871874 /* SetModel */ = {
			isa = PBXGroup;
			children = (
			);
			path = SetModel;
			sourceTree = "<group>";
		};
		F095C6831EC3FBBB00871874 /* SetView */ = {
			isa = PBXGroup;
			children = (
				F095C6CC1EC450D400871874 /* SetKeyboardView.h */,
				F095C6CD1EC450D400871874 /* SetKeyboardView.m */,
				F095C6861EC3FBBB00871874 /* SetKeyboardView.xib */,
			);
			path = SetView;
			sourceTree = "<group>";
		};
		F095C6DA1EC466C000871874 /* AsyncUdpSocket */ = {
			isa = PBXGroup;
			children = (
				F095C6DB1EC466C000871874 /* AsyncUdpSocket.h */,
				F095C6DC1EC466C000871874 /* AsyncUdpSocket.m */,
			);
			path = AsyncUdpSocket;
			sourceTree = "<group>";
		};
/* End PBXGroup section */

/* Begin PBXNativeTarget section */
		F095C20B1EC3F1C100871874 /* LZHotelControl */ = {
			isa = PBXNativeTarget;
			buildConfigurationList = F095C2231EC3F1C100871874 /* Build configuration list for PBXNativeTarget "LZHotelControl" */;
			buildPhases = (
				A0E2F09CA0B2E5D1351D0CC5 /* [CP] Check Pods Manifest.lock */,
				F095C2081EC3F1C100871874 /* Sources */,
				F095C2091EC3F1C100871874 /* Frameworks */,
				F095C20A1EC3F1C100871874 /* Resources */,
				F9B68E23E48680E754B70A6A /* [CP] Embed Pods Frameworks */,
				656073092B5AAA78B9701F77 /* [CP] Copy Pods Resources */,
			);
			buildRules = (
			);
			dependencies = (
			);
			name = LZHotelControl;
			productName = LZHotelControl;
			productReference = F095C20C1EC3F1C100871874 /* LZHotelControl.app */;
			productType = "com.apple.product-type.application";
		};
/* End PBXNativeTarget section */

/* Begin PBXProject section */
		F095C2041EC3F1C100871874 /* Project object */ = {
			isa = PBXProject;
			attributes = {
				LastUpgradeCheck = 0810;
				ORGANIZATIONNAME = yavatop;
				TargetAttributes = {
					F095C20B1EC3F1C100871874 = {
						CreatedOnToolsVersion = 8.1;
						DevelopmentTeam = E47JKL8BW9;
						ProvisioningStyle = Automatic;
					};
				};
			};
			buildConfigurationList = F095C2071EC3F1C100871874 /* Build configuration list for PBXProject "LZHotelControl" */;
			compatibilityVersion = "Xcode 3.2";
			developmentRegion = English;
			hasScannedForEncodings = 0;
			knownRegions = (
				en,
				Base,
			);
			mainGroup = F095C2031EC3F1C100871874;
			productRefGroup = F095C20D1EC3F1C100871874 /* Products */;
			projectDirPath = "";
			projectRoot = "";
			targets = (
				F095C20B1EC3F1C100871874 /* LZHotelControl */,
			);
		};
/* End PBXProject section */

/* Begin PBXResourcesBuildPhase section */
		F095C20A1EC3F1C100871874 /* Resources */ = {
			isa = PBXResourcesBuildPhase;
			buildActionMask = 2147483647;
			files = (
				F095C4C41EC3F4AE00871874 /* AZhileng2.png in Resources */,
				F095C4CA1EC3F4AE00871874 /* AZidong2.png in Resources */,
				F095C4C81EC3F4AE00871874 /* AZhongSu2.png in Resources */,
				F095C4C21EC3F4AE00871874 /* ATongfeng2.png in Resources */,
				F095C4C51EC3F4AE00871874 /* AZhire.png in Resources */,
				F095C4FC1EC3F4AE00871874 /* working.png in Resources */,
				F095C50C1EC3F4AE00871874 /* setting1.png in Resources */,
				F095C4CD1EC3F4AE00871874 /* model_code.png in Resources */,
				F095C4EA1EC3F4AE00871874 /* Scene4.png in Resources */,
				F095C6991EC3FBBB00871874 /* GuestBathroomLTView.xib in Resources */,
				F095C4DD1EC3F4AE00871874 /* LightOpen2.png in Resources */,
				F095C6A11EC3FBBB00871874 /* ToletLTView.xib in Resources */,
				F095C4CC1EC3F4AE00871874 /* JiangWen2.png in Resources */,
				F095C4FE1EC3F4AE00871874 /* main_bk.jpg in Resources */,
				F095C5081EC3F4AE00871874 /* lights1.png in Resources */,
				F095C4DA1EC3F4AE00871874 /* LightClose.png in Resources */,
				F095C68A1EC3FBBB00871874 /* ACNavigationView.xib in Resources */,
				F095C5021EC3F4AE00871874 /* Service_SOS2.png in Resources */,
				F095C5141EC3F4AE00871874 /* EquipmentInfoList.plist in Resources */,
				F095C4DC1EC3F4AE00871874 /* LightOpen.png in Resources */,
				F095C6A41EC3FBBB00871874 /* ServerKeyboardView.xib in Resources */,
				F095C4D51EC3F4AE00871874 /* wind_speed3.png in Resources */,
				F095C69B1EC3FBBB00871874 /* LTNavigationBarView.xib in Resources */,
				F095C4CF1EC3F4AE00871874 /* model_wind.png in Resources */,
				F095C69F1EC3FBBB00871874 /* OverAllControlView.xib in Resources */,
				F095C6971EC3FBBB00871874 /* CloakroomLTView.xib in Resources */,
				F095C4D21EC3F4AE00871874 /* wind_speed0.png in Resources */,
				F095C4E31EC3F4AE00871874 /* romantic2.png in Resources */,
				F095C4F61EC3F4AE00871874 /* tv-.png in Resources */,
				F095C5011EC3F4AE00871874 /* Service_SOS.png in Resources */,
				F095C4C61EC3F4AE00871874 /* AZhire2.png in Resources */,
				F095C5001EC3F4AE00871874 /* Service_QL2.png in Resources */,
				F095C4D71EC3F4AE00871874 /* ZhiLeng 15-16-50-649.png in Resources */,
				F095C68C1EC3FBBB00871874 /* AirconKeyboardView.xib in Resources */,
				F095C4EC1EC3F4AE00871874 /* sleep.png in Resources */,
				F095C4F91EC3F4AE00871874 /* voice+2.png in Resources */,
				F095C4F71EC3F4AE00871874 /* tv-2.png in Resources */,
				F095C4E41EC3F4AE00871874 /* Scene1.png in Resources */,
				F095C4BD1EC3F4AE00871874 /* AGaosu2.png in Resources */,
				F095C4D91EC3F4AE00871874 /* server.png in Resources */,
				F095C4D11EC3F4AE00871874 /* Shengwen2.png in Resources */,
				F095C4BF1EC3F4AE00871874 /* ATingZhi.png in Resources */,
				F095C4FA1EC3F4AE00871874 /* voice-.png in Resources */,
				F095C4C11EC3F4AE00871874 /* ATongfeng.png in Resources */,
				F095C4F31EC3F4AE00871874 /* spaOpen2.png in Resources */,
				F095C4CE1EC3F4AE00871874 /* model_hot.png in Resources */,
				F095C4EB1EC3F4AE00871874 /* Scene42.png in Resources */,
				F095C5091EC3F4AE00871874 /* service0.png in Resources */,
				F095C4E01EC3F4AE00871874 /* reception.png in Resources */,
				F095C63E1EC3FA0500871874 /* TitleBarView.xib in Resources */,
				F095C21F1EC3F1C100871874 /* LaunchScreen.storyboard in Resources */,
				F095C4ED1EC3F4AE00871874 /* sleep2.png in Resources */,
				F095C4F01EC3F4AE00871874 /* spaClose.png in Resources */,
				F095C21C1EC3F1C100871874 /* Assets.xcassets in Resources */,
				F095C4BE1EC3F4AE00871874 /* aircon_temp.png in Resources */,
				F095C4D01EC3F4AE00871874 /* Shengwen.png in Resources */,
				F095C5051EC3F4AE00871874 /* aircon0.png in Resources */,
				F095C4C71EC3F4AE00871874 /* AZhongSu.png in Resources */,
				F095C4E51EC3F4AE00871874 /* Scene12.png in Resources */,
				F095C4BB1EC3F4AE00871874 /* ADiSu2.png in Resources */,
				F095C4E71EC3F4AE00871874 /* Scene22.png in Resources */,
				F095C4D31EC3F4AE00871874 /* wind_speed1.png in Resources */,
				F095C6A71EC3FBBB00871874 /* SetKeyboardView.xib in Resources */,
				F095C50A1EC3F4AE00871874 /* service1.png in Resources */,
				F095C4FD1EC3F4AE00871874 /* working2.png in Resources */,
				F095C4BA1EC3F4AE00871874 /* ADiSu.png in Resources */,
				F095C4E21EC3F4AE00871874 /* romantic.png in Resources */,
				F095C4D61EC3F4AE00871874 /* wind_speed4.png in Resources */,
				F095C4F81EC3F4AE00871874 /* voice+.png in Resources */,
				F00487A11ECBEDBC0087E3F0 /* InfoPlist.strings in Resources */,
				F095C4F41EC3F4AE00871874 /* tv+.png in Resources */,
				F01484261EC9823E008893C4 /* ON.png in Resources */,
				F095C4C91EC3F4AE00871874 /* AZidong.png in Resources */,
				F095C4F51EC3F4AE00871874 /* tv+2.png in Resources */,
				F095C5071EC3F4AE00871874 /* lights0.png in Resources */,
				F095C4D81EC3F4AE00871874 /* light.png in Resources */,
				F095C4C31EC3F4AE00871874 /* AZhileng.png in Resources */,
				F095C4FF1EC3F4AE00871874 /* Service_QL.png in Resources */,
				F095C4EE1EC3F4AE00871874 /* spa.png in Resources */,
				F095C4F11EC3F4AE00871874 /* spaClose2.png in Resources */,
				F095C4E11EC3F4AE00871874 /* reception2.png in Resources */,
				F095C4C01EC3F4AE00871874 /* ATingZhi2.png in Resources */,
				F095C50B1EC3F4AE00871874 /* setting0.png in Resources */,
				F095C69D1EC3FBBB00871874 /* MainLampLTView.xib in Resources */,
				F095C4BC1EC3F4AE00871874 /* AGaosu.png in Resources */,
				F095C4EF1EC3F4AE00871874 /* spa2.png in Resources */,
				F095C4FB1EC3F4AE00871874 /* voice-2.png in Resources */,
				F095C5031EC3F4AE00871874 /* Service_WR.png in Resources */,
				F095C4DB1EC3F4AE00871874 /* LightClose2.png in Resources */,
				F095C4E81EC3F4AE00871874 /* Scene3.png in Resources */,
				F095C4E61EC3F4AE00871874 /* Scene2.png in Resources */,
				F095C4F21EC3F4AE00871874 /* spaOpen.png in Resources */,
				F01484281EC9824C008893C4 /* OFF.png in Resources */,
				F095C5061EC3F4AE00871874 /* aircon1.png in Resources */,
				F095C6951EC3FBBB00871874 /* BedroomLTView.xib in Resources */,
				F095C4D41EC3F4AE00871874 /* wind_speed2.png in Resources */,
				F095C5041EC3F4AE00871874 /* Service_WR2.png in Resources */,
				F095C4CB1EC3F4AE00871874 /* JiangWen.png in Resources */,
				F004879D1ECAE6060087E3F0 /* Settings.bundle in Resources */,
				F095C4E91EC3F4AE00871874 /* Scene32.png in Resources */,
			);
			runOnlyForDeploymentPostprocessing = 0;
		};
/* End PBXResourcesBuildPhase section */

/* Begin PBXShellScriptBuildPhase section */
		656073092B5AAA78B9701F77 /* [CP] Copy Pods Resources */ = {
			isa = PBXShellScriptBuildPhase;
			buildActionMask = 2147483647;
			files = (
			);
			inputPaths = (
			);
			name = "[CP] Copy Pods Resources";
			outputPaths = (
			);
			runOnlyForDeploymentPostprocessing = 0;
			shellPath = /bin/sh;
			shellScript = "\"${SRCROOT}/Pods/Target Support Files/Pods-LZHotelControl/Pods-LZHotelControl-resources.sh\"\n";
			showEnvVarsInLog = 0;
		};
		A0E2F09CA0B2E5D1351D0CC5 /* [CP] Check Pods Manifest.lock */ = {
			isa = PBXShellScriptBuildPhase;
			buildActionMask = 2147483647;
			files = (
			);
			inputPaths = (
			);
			name = "[CP] Check Pods Manifest.lock";
			outputPaths = (
			);
			runOnlyForDeploymentPostprocessing = 0;
			shellPath = /bin/sh;
			shellScript = "diff \"${PODS_PODFILE_DIR_PATH}/Podfile.lock\" \"${PODS_ROOT}/Manifest.lock\" > /dev/null\nif [ $? != 0 ] ; then\n    # print error to STDERR\n    echo \"error: The sandbox is not in sync with the Podfile.lock. Run 'pod install' or update your CocoaPods installation.\" >&2\n    exit 1\nfi\n";
			showEnvVarsInLog = 0;
		};
		F9B68E23E48680E754B70A6A /* [CP] Embed Pods Frameworks */ = {
			isa = PBXShellScriptBuildPhase;
			buildActionMask = 2147483647;
			files = (
			);
			inputPaths = (
			);
			name = "[CP] Embed Pods Frameworks";
			outputPaths = (
			);
			runOnlyForDeploymentPostprocessing = 0;
			shellPath = /bin/sh;
			shellScript = "\"${SRCROOT}/Pods/Target Support Files/Pods-LZHotelControl/Pods-LZHotelControl-frameworks.sh\"\n";
			showEnvVarsInLog = 0;
		};
/* End PBXShellScriptBuildPhase section */

/* Begin PBXSourcesBuildPhase section */
		F095C2081EC3F1C100871874 /* Sources */ = {
			isa = PBXSourcesBuildPhase;
			buildActionMask = 2147483647;
			files = (
				F095C6BF1EC431D200871874 /* CZButton.m in Sources */,
				F095C6C51EC43D9000871874 /* AirconKeyboardView.m in Sources */,
				F095C6B61EC42D9800871874 /* BedroomLTView.m in Sources */,
				F095C6A51EC3FBBB00871874 /* SetViewController.m in Sources */,
				F095C6B81EC42D9800871874 /* GuestBathroomLTView.m in Sources */,
				F095C6871EC3FBBB00871874 /* AirconViewController.m in Sources */,
				F095C6DD1EC466C000871874 /* AsyncUdpSocket.m in Sources */,
				F095C6BB1EC42D9800871874 /* OverAllControlView.m in Sources */,
				F095C6CB1EC44F0C00871874 /* ServerKeyboardView.m in Sources */,
				F095C6BA1EC42D9800871874 /* MainLampLTView.m in Sources */,
				F095C6E91EC59D8700871874 /* RoomInfo.m in Sources */,
				F095C6A21EC3FBBB00871874 /* ServerViewController.m in Sources */,
				F095C63B1EC3FA0500871874 /* EquipmentInfo.m in Sources */,
				F095C6CE1EC450D400871874 /* SetKeyboardView.m in Sources */,
				F095C2141EC3F1C100871874 /* AppDelegate.m in Sources */,
				F095C2111EC3F1C100871874 /* main.m in Sources */,
				F095C6C41EC43D9000871874 /* ACNavigationView.m in Sources */,
				F014842B1EC997E2008893C4 /* EPCore.m in Sources */,
				F095C63D1EC3FA0500871874 /* TitleBarView.m in Sources */,
				F095C63F1EC3FA0500871874 /* WDYTabbar.m in Sources */,
				F095C6D11EC4535D00871874 /* UDPNetwork.m in Sources */,
				F095C6BC1EC42D9800871874 /* ToletLTView.m in Sources */,
				F095C6B71EC42D9800871874 /* CloakroomLTView.m in Sources */,
				F095C63A1EC3FA0500871874 /* MainViewController.m in Sources */,
				F095C68D1EC3FBBB00871874 /* LightsViewController.m in Sources */,
				F095C6B91EC42D9800871874 /* LTNavigationBarView.m in Sources */,
			);
			runOnlyForDeploymentPostprocessing = 0;
		};
/* End PBXSourcesBuildPhase section */

/* Begin PBXVariantGroup section */
		F00487A31ECBEDBC0087E3F0 /* InfoPlist.strings */ = {
			isa = PBXVariantGroup;
			children = (
				F00487A21ECBEDBC0087E3F0 /* zh-Hans */,
				F00487A41ECBEDC10087E3F0 /* en */,
			);
			name = InfoPlist.strings;
			sourceTree = "<group>";
		};
		F095C21D1EC3F1C100871874 /* LaunchScreen.storyboard */ = {
			isa = PBXVariantGroup;
			children = (
				F095C21E1EC3F1C100871874 /* Base */,
				F004879E1ECBECF00087E3F0 /* zh-Hans */,
			);
			name = LaunchScreen.storyboard;
			sourceTree = "<group>";
		};
/* End PBXVariantGroup section */

/* Begin XCBuildConfiguration section */
		F095C2211EC3F1C100871874 /* Debug */ = {
			isa = XCBuildConfiguration;
			buildSettings = {
				ALWAYS_SEARCH_USER_PATHS = NO;
				CLANG_ANALYZER_LOCALIZABILITY_NONLOCALIZED = YES;
				CLANG_ANALYZER_NONNULL = YES;
				CLANG_CXX_LANGUAGE_STANDARD = "gnu++0x";
				CLANG_CXX_LIBRARY = "libc++";
				CLANG_ENABLE_MODULES = YES;
				CLANG_ENABLE_OBJC_ARC = YES;
				CLANG_WARN_BOOL_CONVERSION = YES;
				CLANG_WARN_CONSTANT_CONVERSION = YES;
				CLANG_WARN_DIRECT_OBJC_ISA_USAGE = YES_ERROR;
				CLANG_WARN_DOCUMENTATION_COMMENTS = YES;
				CLANG_WARN_EMPTY_BODY = YES;
				CLANG_WARN_ENUM_CONVERSION = YES;
				CLANG_WARN_INFINITE_RECURSION = YES;
				CLANG_WARN_INT_CONVERSION = YES;
				CLANG_WARN_OBJC_ROOT_CLASS = YES_ERROR;
				CLANG_WARN_SUSPICIOUS_MOVE = YES;
				CLANG_WARN_SUSPICIOUS_MOVES = YES;
				CLANG_WARN_UNREACHABLE_CODE = YES;
				CLANG_WARN__DUPLICATE_METHOD_MATCH = YES;
				"CODE_SIGN_IDENTITY[sdk=iphoneos*]" = "iPhone Developer";
				COPY_PHASE_STRIP = NO;
				DEBUG_INFORMATION_FORMAT = dwarf;
				ENABLE_STRICT_OBJC_MSGSEND = YES;
				ENABLE_TESTABILITY = YES;
				GCC_C_LANGUAGE_STANDARD = gnu99;
				GCC_DYNAMIC_NO_PIC = NO;
				GCC_NO_COMMON_BLOCKS = YES;
				GCC_OPTIMIZATION_LEVEL = 0;
				GCC_PREPROCESSOR_DEFINITIONS = (
					"DEBUG=1",
					"$(inherited)",
				);
				GCC_WARN_64_TO_32_BIT_CONVERSION = YES;
				GCC_WARN_ABOUT_RETURN_TYPE = YES_ERROR;
				GCC_WARN_UNDECLARED_SELECTOR = YES;
				GCC_WARN_UNINITIALIZED_AUTOS = YES_AGGRESSIVE;
				GCC_WARN_UNUSED_FUNCTION = YES;
				GCC_WARN_UNUSED_VARIABLE = YES;
				IPHONEOS_DEPLOYMENT_TARGET = 10.1;
				MTL_ENABLE_DEBUG_INFO = YES;
				ONLY_ACTIVE_ARCH = YES;
				SDKROOT = iphoneos;
				TARGETED_DEVICE_FAMILY = "1,2";
			};
			name = Debug;
		};
		F095C2221EC3F1C100871874 /* Release */ = {
			isa = XCBuildConfiguration;
			buildSettings = {
				ALWAYS_SEARCH_USER_PATHS = NO;
				CLANG_ANALYZER_LOCALIZABILITY_NONLOCALIZED = YES;
				CLANG_ANALYZER_NONNULL = YES;
				CLANG_CXX_LANGUAGE_STANDARD = "gnu++0x";
				CLANG_CXX_LIBRARY = "libc++";
				CLANG_ENABLE_MODULES = YES;
				CLANG_ENABLE_OBJC_ARC = YES;
				CLANG_WARN_BOOL_CONVERSION = YES;
				CLANG_WARN_CONSTANT_CONVERSION = YES;
				CLANG_WARN_DIRECT_OBJC_ISA_USAGE = YES_ERROR;
				CLANG_WARN_DOCUMENTATION_COMMENTS = YES;
				CLANG_WARN_EMPTY_BODY = YES;
				CLANG_WARN_ENUM_CONVERSION = YES;
				CLANG_WARN_INFINITE_RECURSION = YES;
				CLANG_WARN_INT_CONVERSION = YES;
				CLANG_WARN_OBJC_ROOT_CLASS = YES_ERROR;
				CLANG_WARN_SUSPICIOUS_MOVE = YES;
				CLANG_WARN_SUSPICIOUS_MOVES = YES;
				CLANG_WARN_UNREACHABLE_CODE = YES;
				CLANG_WARN__DUPLICATE_METHOD_MATCH = YES;
				"CODE_SIGN_IDENTITY[sdk=iphoneos*]" = "iPhone Developer";
				COPY_PHASE_STRIP = NO;
				DEBUG_INFORMATION_FORMAT = "dwarf-with-dsym";
				ENABLE_NS_ASSERTIONS = NO;
				ENABLE_STRICT_OBJC_MSGSEND = YES;
				GCC_C_LANGUAGE_STANDARD = gnu99;
				GCC_NO_COMMON_BLOCKS = YES;
				GCC_WARN_64_TO_32_BIT_CONVERSION = YES;
				GCC_WARN_ABOUT_RETURN_TYPE = YES_ERROR;
				GCC_WARN_UNDECLARED_SELECTOR = YES;
				GCC_WARN_UNINITIALIZED_AUTOS = YES_AGGRESSIVE;
				GCC_WARN_UNUSED_FUNCTION = YES;
				GCC_WARN_UNUSED_VARIABLE = YES;
				IPHONEOS_DEPLOYMENT_TARGET = 10.1;
				MTL_ENABLE_DEBUG_INFO = NO;
				SDKROOT = iphoneos;
				TARGETED_DEVICE_FAMILY = "1,2";
				VALIDATE_PRODUCT = YES;
			};
			name = Release;
		};
		F095C2241EC3F1C100871874 /* Debug */ = {
			isa = XCBuildConfiguration;
			baseConfigurationReference = CE68156FE0E0B7E52A1020F2 /* Pods-LZHotelControl.debug.xcconfig */;
			buildSettings = {
				DEVELOPMENT_TEAM = E47JKL8BW9;
				GCC_PREFIX_HEADER = /Users/jony/IOSDemo/LZHotelControl/LZHotelControl/LZPch/HGRPrefixHeader.pch;
				INFOPLIST_FILE = LZHotelControl/Info.plist;
				LD_RUNPATH_SEARCH_PATHS = "$(inherited) @executable_path/Frameworks";
				PRODUCT_BUNDLE_IDENTIFIER = com.yavatop.LZHotelControl;
				PRODUCT_NAME = "$(TARGET_NAME)";
			};
			name = Debug;
		};
		F095C2251EC3F1C100871874 /* Release */ = {
			isa = XCBuildConfiguration;
			baseConfigurationReference = 68A0620DCCFE844B4D75AC79 /* Pods-LZHotelControl.release.xcconfig */;
			buildSettings = {
				DEVELOPMENT_TEAM = E47JKL8BW9;
				GCC_PREFIX_HEADER = /Users/jony/IOSDemo/LZHotelControl/LZHotelControl/LZPch/HGRPrefixHeader.pch;
				INFOPLIST_FILE = LZHotelControl/Info.plist;
				LD_RUNPATH_SEARCH_PATHS = "$(inherited) @executable_path/Frameworks";
				PRODUCT_BUNDLE_IDENTIFIER = com.yavatop.LZHotelControl;
				PRODUCT_NAME = "$(TARGET_NAME)";
			};
			name = Release;
		};
/* End XCBuildConfiguration section */

/* Begin XCConfigurationList section */
		F095C2071EC3F1C100871874 /* Build configuration list for PBXProject "LZHotelControl" */ = {
			isa = XCConfigurationList;
			buildConfigurations = (
				F095C2211EC3F1C100871874 /* Debug */,
				F095C2221EC3F1C100871874 /* Release */,
			);
			defaultConfigurationIsVisible = 0;
			defaultConfigurationName = Release;
		};
		F095C2231EC3F1C100871874 /* Build configuration list for PBXNativeTarget "LZHotelControl" */ = {
			isa = XCConfigurationList;
			buildConfigurations = (
				F095C2241EC3F1C100871874 /* Debug */,
				F095C2251EC3F1C100871874 /* Release */,
			);
			defaultConfigurationIsVisible = 0;
			defaultConfigurationName = Release;
		};
/* End XCConfigurationList section */
	};
	rootObject = F095C2041EC3F1C100871874 /* Project object */;
}
